// !$*UTF8*$!
{
	archiveVersion = 1;
	classes = {
	};
	objectVersion = 46;
	objects = {

/* Begin PBXBuildFile section */
		2CF239D044EB762C7C5A2BC0 /* Pods_SuperApp.framework in Frameworks */ = {isa = PBXBuildFile; fileRef = 444B5762F7F0EE11AF601D68 /* Pods_SuperApp.framework */; };
		AB0773FE1DFFCA3900D782BF /* SP_RxSwiftTableView.swift in Sources */ = {isa = PBXBuildFile; fileRef = AB0773FD1DFFCA3900D782BF /* SP_RxSwiftTableView.swift */; };
		AB0774031DFFCA7D00D782BF /* SP_DrawerVC.swift in Sources */ = {isa = PBXBuildFile; fileRef = AB0774001DFFCA7D00D782BF /* SP_DrawerVC.swift */; };
		AB0774041DFFCA7D00D782BF /* SP_ParentVC_Drawer.swift in Sources */ = {isa = PBXBuildFile; fileRef = AB0774011DFFCA7D00D782BF /* SP_ParentVC_Drawer.swift */; };
		AB0774051DFFCA7D00D782BF /* SP_VipVC.swift in Sources */ = {isa = PBXBuildFile; fileRef = AB0774021DFFCA7D00D782BF /* SP_VipVC.swift */; };
		AB0EB4CC1DFE808900987BC8 /* TabBar_Extension.swift in Sources */ = {isa = PBXBuildFile; fileRef = AB0EB4CB1DFE808900987BC8 /* TabBar_Extension.swift */; };
		AB342C771EC89D4C006C1A2D /* UINavigationController+FDFullscreenPopGesture.m in Sources */ = {isa = PBXBuildFile; fileRef = AB342C761EC89D4C006C1A2D /* UINavigationController+FDFullscreenPopGesture.m */; };
		AB3A29CA1ED03A1E00871B52 /* jpush-ios-2.1.8.a in Frameworks */ = {isa = PBXBuildFile; fileRef = AB3A29991ED03A1E00871B52 /* jpush-ios-2.1.8.a */; };
		AB3A29CB1ED03A1E00871B52 /* MJRefreshAutoFooter.m in Sources */ = {isa = PBXBuildFile; fileRef = AB3A299E1ED03A1E00871B52 /* MJRefreshAutoFooter.m */; };
		AB3A29CC1ED03A1E00871B52 /* MJRefreshBackFooter.m in Sources */ = {isa = PBXBuildFile; fileRef = AB3A29A01ED03A1E00871B52 /* MJRefreshBackFooter.m */; };
		AB3A29CD1ED03A1E00871B52 /* MJRefreshComponent.m in Sources */ = {isa = PBXBuildFile; fileRef = AB3A29A21ED03A1E00871B52 /* MJRefreshComponent.m */; };
		AB3A29CE1ED03A1E00871B52 /* MJRefreshFooter.m in Sources */ = {isa = PBXBuildFile; fileRef = AB3A29A41ED03A1E00871B52 /* MJRefreshFooter.m */; };
		AB3A29CF1ED03A1E00871B52 /* MJRefreshHeader.m in Sources */ = {isa = PBXBuildFile; fileRef = AB3A29A61ED03A1E00871B52 /* MJRefreshHeader.m */; };
		AB3A29D01ED03A1E00871B52 /* MJRefreshAutoGifFooter.m in Sources */ = {isa = PBXBuildFile; fileRef = AB3A29AB1ED03A1E00871B52 /* MJRefreshAutoGifFooter.m */; };
		AB3A29D11ED03A1E00871B52 /* MJRefreshAutoNormalFooter.m in Sources */ = {isa = PBXBuildFile; fileRef = AB3A29AD1ED03A1E00871B52 /* MJRefreshAutoNormalFooter.m */; };
		AB3A29D21ED03A1E00871B52 /* MJRefreshAutoStateFooter.m in Sources */ = {isa = PBXBuildFile; fileRef = AB3A29AF1ED03A1E00871B52 /* MJRefreshAutoStateFooter.m */; };
		AB3A29D31ED03A1E00871B52 /* MJRefreshBackGifFooter.m in Sources */ = {isa = PBXBuildFile; fileRef = AB3A29B21ED03A1E00871B52 /* MJRefreshBackGifFooter.m */; };
		AB3A29D41ED03A1E00871B52 /* MJRefreshBackNormalFooter.m in Sources */ = {isa = PBXBuildFile; fileRef = AB3A29B41ED03A1E00871B52 /* MJRefreshBackNormalFooter.m */; };
		AB3A29D51ED03A1E00871B52 /* MJRefreshBackStateFooter.m in Sources */ = {isa = PBXBuildFile; fileRef = AB3A29B61ED03A1E00871B52 /* MJRefreshBackStateFooter.m */; };
		AB3A29D61ED03A1E00871B52 /* MJRefreshGifHeader.m in Sources */ = {isa = PBXBuildFile; fileRef = AB3A29B91ED03A1E00871B52 /* MJRefreshGifHeader.m */; };
		AB3A29D71ED03A1E00871B52 /* MJRefreshNormalHeader.m in Sources */ = {isa = PBXBuildFile; fileRef = AB3A29BB1ED03A1E00871B52 /* MJRefreshNormalHeader.m */; };
		AB3A29D81ED03A1E00871B52 /* MJRefreshStateHeader.m in Sources */ = {isa = PBXBuildFile; fileRef = AB3A29BD1ED03A1E00871B52 /* MJRefreshStateHeader.m */; };
		AB3A29D91ED03A1E00871B52 /* MJRefresh.bundle in Resources */ = {isa = PBXBuildFile; fileRef = AB3A29BE1ED03A1E00871B52 /* MJRefresh.bundle */; };
		AB3A29DA1ED03A1E00871B52 /* MJRefreshConst.m in Sources */ = {isa = PBXBuildFile; fileRef = AB3A29C11ED03A1E00871B52 /* MJRefreshConst.m */; };
		AB3A29DB1ED03A1E00871B52 /* NSBundle+MJRefresh.m in Sources */ = {isa = PBXBuildFile; fileRef = AB3A29C31ED03A1E00871B52 /* NSBundle+MJRefresh.m */; };
		AB3A29DC1ED03A1E00871B52 /* UIScrollView+MJExtension.m in Sources */ = {isa = PBXBuildFile; fileRef = AB3A29C51ED03A1E00871B52 /* UIScrollView+MJExtension.m */; };
		AB3A29DD1ED03A1E00871B52 /* UIScrollView+MJRefresh.m in Sources */ = {isa = PBXBuildFile; fileRef = AB3A29C71ED03A1E00871B52 /* UIScrollView+MJRefresh.m */; };
		AB3A29DE1ED03A1E00871B52 /* UIView+MJExtension.m in Sources */ = {isa = PBXBuildFile; fileRef = AB3A29C91ED03A1E00871B52 /* UIView+MJExtension.m */; };
		AB3A29E01ED0892E00871B52 /* NT_ViewController14.swift in Sources */ = {isa = PBXBuildFile; fileRef = AB3A29DF1ED0892E00871B52 /* NT_ViewController14.swift */; };
		AB3A29E21ED1730900871B52 /* SP_UITableView.swift in Sources */ = {isa = PBXBuildFile; fileRef = AB3A29E11ED1730900871B52 /* SP_UITableView.swift */; };
		AB3A29F51ED2B2EC00871B52 /* SP_Rx_SigninVC.swift in Sources */ = {isa = PBXBuildFile; fileRef = AB3A29F41ED2B2EC00871B52 /* SP_Rx_SigninVC.swift */; };
		AB3A29F71ED31DC900871B52 /* SP_Rx_SigninVCCell.swift in Sources */ = {isa = PBXBuildFile; fileRef = AB3A29F61ED31DC900871B52 /* SP_Rx_SigninVCCell.swift */; };
		AB56454C1DF810C300436382 /* tanhuang.mp3 in Resources */ = {isa = PBXBuildFile; fileRef = AB56454B1DF810C300436382 /* tanhuang.mp3 */; };
		AB63A1C41DA88F7D00BC7C64 /* SP_Macros.swift in Sources */ = {isa = PBXBuildFile; fileRef = AB63A1C21DA88F7D00BC7C64 /* SP_Macros.swift */; };
		AB63A1C71DA890AD00BC7C64 /* AppDelegate+Extension.swift in Sources */ = {isa = PBXBuildFile; fileRef = AB63A1C61DA890AD00BC7C64 /* AppDelegate+Extension.swift */; };
		AB8B4C9C1EC5427D0063AFBB /* SP_ParentVC.swift in Sources */ = {isa = PBXBuildFile; fileRef = AB8B4C9A1EC5427D0063AFBB /* SP_ParentVC.swift */; };
		AB8B4CA91EC54F080063AFBB /* SPNT_NavigationController.swift in Sources */ = {isa = PBXBuildFile; fileRef = AB8B4CA81EC54F080063AFBB /* SPNT_NavigationController.swift */; };
		AB8B4CAB1EC54F520063AFBB /* SPNT_TabBarController.swift in Sources */ = {isa = PBXBuildFile; fileRef = AB8B4CAA1EC54F520063AFBB /* SPNT_TabBarController.swift */; };
		AB8B4CAE1EC550FF0063AFBB /* NT_ViewController1.swift in Sources */ = {isa = PBXBuildFile; fileRef = AB8B4CAD1EC550FF0063AFBB /* NT_ViewController1.swift */; };
		AB8B4CB01EC5510F0063AFBB /* NT_ViewController11.swift in Sources */ = {isa = PBXBuildFile; fileRef = AB8B4CAF1EC5510F0063AFBB /* NT_ViewController11.swift */; };
		AB8B4CB21EC551330063AFBB /* NT_ViewController12.swift in Sources */ = {isa = PBXBuildFile; fileRef = AB8B4CB11EC551330063AFBB /* NT_ViewController12.swift */; };
		AB96F0E01DA88EB7001D8EEE /* AppDelegate.swift in Sources */ = {isa = PBXBuildFile; fileRef = AB96F0DF1DA88EB7001D8EEE /* AppDelegate.swift */; };
		AB96F0E71DA88EB7001D8EEE /* Assets.xcassets in Resources */ = {isa = PBXBuildFile; fileRef = AB96F0E61DA88EB7001D8EEE /* Assets.xcassets */; };
		AB96F0EA1DA88EB7001D8EEE /* LaunchScreen.storyboard in Resources */ = {isa = PBXBuildFile; fileRef = AB96F0E81DA88EB7001D8EEE /* LaunchScreen.storyboard */; };
		AB96F0F51DA88EB8001D8EEE /* SuperAppTests.swift in Sources */ = {isa = PBXBuildFile; fileRef = AB96F0F41DA88EB8001D8EEE /* SuperAppTests.swift */; };
		AB96F1001DA88EB8001D8EEE /* SuperAppUITests.swift in Sources */ = {isa = PBXBuildFile; fileRef = AB96F0FF1DA88EB8001D8EEE /* SuperAppUITests.swift */; };
		ABBF72C91EC565F500C590E5 /* SP_NavigationView.swift in Sources */ = {isa = PBXBuildFile; fileRef = ABBF72C81EC565F500C590E5 /* SP_NavigationView.swift */; };
		ABBF72CB1EC565FC00C590E5 /* SP_NavigationView.xib in Resources */ = {isa = PBXBuildFile; fileRef = ABBF72CA1EC565FC00C590E5 /* SP_NavigationView.xib */; };
		ABBF72D11EC59F2000C590E5 /* Navigation_Extension.swift in Sources */ = {isa = PBXBuildFile; fileRef = ABBF72D01EC59F2000C590E5 /* Navigation_Extension.swift */; };
		ABBFE02E1DF7AE40000D7124 /* placeholderImage.png in Resources */ = {isa = PBXBuildFile; fileRef = ABBFE02B1DF7AE40000D7124 /* placeholderImage.png */; };
		ABBFE02F1DF7AE40000D7124 /* SP_GridView.swift in Sources */ = {isa = PBXBuildFile; fileRef = ABBFE02C1DF7AE40000D7124 /* SP_GridView.swift */; };
		ABBFE0301DF7AE40000D7124 /* SP_GridView_Extension.swift in Sources */ = {isa = PBXBuildFile; fileRef = ABBFE02D1DF7AE40000D7124 /* SP_GridView_Extension.swift */; };
		ABBFE0651DF7B807000D7124 /* SP_AdsColleCell.swift in Sources */ = {isa = PBXBuildFile; fileRef = ABBFE0321DF7B807000D7124 /* SP_AdsColleCell.swift */; };
		ABBFE0661DF7B807000D7124 /* SP_AdsColleCell.xib in Resources */ = {isa = PBXBuildFile; fileRef = ABBFE0331DF7B807000D7124 /* SP_AdsColleCell.xib */; };
		ABBFE0671DF7B807000D7124 /* SP_AdsCollectionView.swift in Sources */ = {isa = PBXBuildFile; fileRef = ABBFE0341DF7B807000D7124 /* SP_AdsCollectionView.swift */; };
		ABBFE0681DF7B807000D7124 /* SP_AdsCollectionViewModel.swift in Sources */ = {isa = PBXBuildFile; fileRef = ABBFE0351DF7B807000D7124 /* SP_AdsCollectionViewModel.swift */; };
		ABBFE0691DF7B807000D7124 /* SP_AdsView.swift in Sources */ = {isa = PBXBuildFile; fileRef = ABBFE0361DF7B807000D7124 /* SP_AdsView.swift */; };
		ABBFE06A1DF7B807000D7124 /* Bool_extension.swift in Sources */ = {isa = PBXBuildFile; fileRef = ABBFE0381DF7B807000D7124 /* Bool_extension.swift */; };
		ABBFE06B1DF7B807000D7124 /* Cell_extension.swift in Sources */ = {isa = PBXBuildFile; fileRef = ABBFE0391DF7B807000D7124 /* Cell_extension.swift */; };
		ABBFE06C1DF7B807000D7124 /* CGSize_extension.swift in Sources */ = {isa = PBXBuildFile; fileRef = ABBFE03A1DF7B807000D7124 /* CGSize_extension.swift */; };
		ABBFE06D1DF7B807000D7124 /* LCD_Tool.swift in Sources */ = {isa = PBXBuildFile; fileRef = ABBFE03B1DF7B807000D7124 /* LCD_Tool.swift */; };
		ABBFE06E1DF7B807000D7124 /* LCDSingleton.swift in Sources */ = {isa = PBXBuildFile; fileRef = ABBFE03C1DF7B807000D7124 /* LCDSingleton.swift */; };
		ABBFE06F1DF7B807000D7124 /* LCDToolClass.m in Sources */ = {isa = PBXBuildFile; fileRef = ABBFE03E1DF7B807000D7124 /* LCDToolClass.m */; };
		ABBFE0701DF7B807000D7124 /* NSDate_extension.swift in Sources */ = {isa = PBXBuildFile; fileRef = ABBFE03F1DF7B807000D7124 /* NSDate_extension.swift */; };
		ABBFE0711DF7B807000D7124 /* NSTimer_extension.swift in Sources */ = {isa = PBXBuildFile; fileRef = ABBFE0401DF7B807000D7124 /* NSTimer_extension.swift */; };
		ABBFE0721DF7B807000D7124 /* String_extension.swift in Sources */ = {isa = PBXBuildFile; fileRef = ABBFE0411DF7B807000D7124 /* String_extension.swift */; };
		ABBFE0731DF7B807000D7124 /* UIButton_extension.swift in Sources */ = {isa = PBXBuildFile; fileRef = ABBFE0421DF7B807000D7124 /* UIButton_extension.swift */; };
		ABBFE0741DF7B807000D7124 /* UIColor_extension.swift in Sources */ = {isa = PBXBuildFile; fileRef = ABBFE0431DF7B807000D7124 /* UIColor_extension.swift */; };
		ABBFE0751DF7B807000D7124 /* UIFont_extension.swift in Sources */ = {isa = PBXBuildFile; fileRef = ABBFE0441DF7B807000D7124 /* UIFont_extension.swift */; };
		ABBFE0761DF7B807000D7124 /* UILabel_extension.swift in Sources */ = {isa = PBXBuildFile; fileRef = ABBFE0451DF7B807000D7124 /* UILabel_extension.swift */; };
		ABBFE0771DF7B807000D7124 /* UIText_extension.swift in Sources */ = {isa = PBXBuildFile; fileRef = ABBFE0461DF7B807000D7124 /* UIText_extension.swift */; };
		ABBFE0781DF7B807000D7124 /* UITextField_LCD.swift in Sources */ = {isa = PBXBuildFile; fileRef = ABBFE0471DF7B807000D7124 /* UITextField_LCD.swift */; };
		ABBFE0791DF7B807000D7124 /* UIView_extension.swift in Sources */ = {isa = PBXBuildFile; fileRef = ABBFE0481DF7B807000D7124 /* UIView_extension.swift */; };
		ABBFE07A1DF7B807000D7124 /* UIViewController+Extension.swift in Sources */ = {isa = PBXBuildFile; fileRef = ABBFE0491DF7B807000D7124 /* UIViewController+Extension.swift */; };
		ABBFE07B1DF7B807000D7124 /* SP_GuideVC.swift in Sources */ = {isa = PBXBuildFile; fileRef = ABBFE04B1DF7B807000D7124 /* SP_GuideVC.swift */; };
		ABBFE07C1DF7B807000D7124 /* CLLocation+YCLocation.m in Sources */ = {isa = PBXBuildFile; fileRef = ABBFE04E1DF7B807000D7124 /* CLLocation+YCLocation.m */; };
		ABBFE07D1DF7B807000D7124 /* SP_LocationManager.swift in Sources */ = {isa = PBXBuildFile; fileRef = ABBFE04F1DF7B807000D7124 /* SP_LocationManager.swift */; };
		ABBFE07E1DF7B807000D7124 /* SP_MJDIYAutoFooter.swift in Sources */ = {isa = PBXBuildFile; fileRef = ABBFE0511DF7B807000D7124 /* SP_MJDIYAutoFooter.swift */; };
		ABBFE07F1DF7B807000D7124 /* SP_MJDIYBackFooter.swift in Sources */ = {isa = PBXBuildFile; fileRef = ABBFE0521DF7B807000D7124 /* SP_MJDIYBackFooter.swift */; };
		ABBFE0801DF7B807000D7124 /* SP_MJDIYHeader.swift in Sources */ = {isa = PBXBuildFile; fileRef = ABBFE0531DF7B807000D7124 /* SP_MJDIYHeader.swift */; };
		ABBFE0811DF7B807000D7124 /* SP_MJRefresh.swift in Sources */ = {isa = PBXBuildFile; fileRef = ABBFE0541DF7B807000D7124 /* SP_MJRefresh.swift */; };
		ABBFE0821DF7B807000D7124 /* SP_MJRefreshDatas.swift in Sources */ = {isa = PBXBuildFile; fileRef = ABBFE0551DF7B807000D7124 /* SP_MJRefreshDatas.swift */; };
		ABBFE0831DF7B807000D7124 /* Reachability.swift in Sources */ = {isa = PBXBuildFile; fileRef = ABBFE0571DF7B807000D7124 /* Reachability.swift */; };
		ABBFE0841DF7B807000D7124 /* navi_add_gray@2x.png in Resources */ = {isa = PBXBuildFile; fileRef = ABBFE05A1DF7B807000D7124 /* navi_add_gray@2x.png */; };
		ABBFE0851DF7B807000D7124 /* navi_add_white@2x.png in Resources */ = {isa = PBXBuildFile; fileRef = ABBFE05B1DF7B807000D7124 /* navi_add_white@2x.png */; };
		ABBFE0861DF7B807000D7124 /* navi_back_gray@2x.png in Resources */ = {isa = PBXBuildFile; fileRef = ABBFE05C1DF7B807000D7124 /* navi_back_gray@2x.png */; };
		ABBFE0871DF7B807000D7124 /* navi_back_white@2x.png in Resources */ = {isa = PBXBuildFile; fileRef = ABBFE05D1DF7B807000D7124 /* navi_back_white@2x.png */; };
		ABBFE0881DF7B807000D7124 /* navi_scanCode_white@2x.png in Resources */ = {isa = PBXBuildFile; fileRef = ABBFE05E1DF7B807000D7124 /* navi_scanCode_white@2x.png */; };
		ABBFE0891DF7B807000D7124 /* navi_search_gray@2x.png in Resources */ = {isa = PBXBuildFile; fileRef = ABBFE05F1DF7B807000D7124 /* navi_search_gray@2x.png */; };
		ABBFE08A1DF7B807000D7124 /* navi_share_gray@2x.png in Resources */ = {isa = PBXBuildFile; fileRef = ABBFE0601DF7B807000D7124 /* navi_share_gray@2x.png */; };
		ABBFE08C1DF7B807000D7124 /* SP_TabBarController.swift in Sources */ = {isa = PBXBuildFile; fileRef = ABBFE0621DF7B807000D7124 /* SP_TabBarController.swift */; };
		ABBFE0961DF7B84A000D7124 /* SP_AdsVC.swift in Sources */ = {isa = PBXBuildFile; fileRef = ABBFE0901DF7B84A000D7124 /* SP_AdsVC.swift */; };
		ABBFE0981DF7B84A000D7124 /* SP_Datas.swift in Sources */ = {isa = PBXBuildFile; fileRef = ABBFE0931DF7B84A000D7124 /* SP_Datas.swift */; };
		ABBFE0991DF7B84A000D7124 /* SP_MainVC.swift in Sources */ = {isa = PBXBuildFile; fileRef = ABBFE0941DF7B84A000D7124 /* SP_MainVC.swift */; };
		ABBFE09F1DF80872000D7124 /* SP_TabMenuView.swift in Sources */ = {isa = PBXBuildFile; fileRef = ABBFE09D1DF80872000D7124 /* SP_TabMenuView.swift */; };
		ABBFE0A01DF80872000D7124 /* SP_TabMenuView.xib in Resources */ = {isa = PBXBuildFile; fileRef = ABBFE09E1DF80872000D7124 /* SP_TabMenuView.xib */; };
		ABC71FB51EC97C2300C780F9 /* SP_Navigation_TabBar.storyboard in Resources */ = {isa = PBXBuildFile; fileRef = ABC71FB11EC97C2300C780F9 /* SP_Navigation_TabBar.storyboard */; };
		ABC71FB71EC97C2300C780F9 /* SP_iPadStoryboard.storyboard in Resources */ = {isa = PBXBuildFile; fileRef = ABC71FB31EC97C2300C780F9 /* SP_iPadStoryboard.storyboard */; };
		ABC71FB81EC97C2300C780F9 /* SP_MainStoryboard.storyboard in Resources */ = {isa = PBXBuildFile; fileRef = ABC71FB41EC97C2300C780F9 /* SP_MainStoryboard.storyboard */; };
		ABC71FBA1EC992B900C780F9 /* NT_ViewController13.swift in Sources */ = {isa = PBXBuildFile; fileRef = ABC71FB91EC992B900C780F9 /* NT_ViewController13.swift */; };
		ABDFC9101EC99E53002110AB /* Main.storyboard in Resources */ = {isa = PBXBuildFile; fileRef = ABDFC90F1EC99E53002110AB /* Main.storyboard */; };
		ABDFC9131EC9E8BF002110AB /* SP_RxDemo.storyboard in Resources */ = {isa = PBXBuildFile; fileRef = ABDFC9121EC9E8BF002110AB /* SP_RxDemo.storyboard */; };
		ABDFC9171EC9F0FD002110AB /* SP_Rx_TableView.swift in Sources */ = {isa = PBXBuildFile; fileRef = ABDFC9161EC9F0FD002110AB /* SP_Rx_TableView.swift */; };
		ABDFC91B1EC9F30E002110AB /* SP_Rx_DemoVC.swift in Sources */ = {isa = PBXBuildFile; fileRef = ABDFC91A1EC9F30E002110AB /* SP_Rx_DemoVC.swift */; };
		ABFAA18A1EC5DBAF00EEA338 /* SP_AFNetWorkingSwift.swift in Sources */ = {isa = PBXBuildFile; fileRef = ABFAA1871EC5DBAF00EEA338 /* SP_AFNetWorkingSwift.swift */; };
		ABFAA18B1EC5DBAF00EEA338 /* SP_NetWorkingType.swift in Sources */ = {isa = PBXBuildFile; fileRef = ABFAA1881EC5DBAF00EEA338 /* SP_NetWorkingType.swift */; };
		ABFAA18C1EC5DBAF00EEA338 /* SP_UploadParam.swift in Sources */ = {isa = PBXBuildFile; fileRef = ABFAA1891EC5DBAF00EEA338 /* SP_UploadParam.swift */; };
/* End PBXBuildFile section */

/* Begin PBXContainerItemProxy section */
		AB96F0F11DA88EB8001D8EEE /* PBXContainerItemProxy */ = {
			isa = PBXContainerItemProxy;
			containerPortal = AB96F0D41DA88EB7001D8EEE /* Project object */;
			proxyType = 1;
			remoteGlobalIDString = AB96F0DB1DA88EB7001D8EEE;
			remoteInfo = SuperApp;
		};
		AB96F0FC1DA88EB8001D8EEE /* PBXContainerItemProxy */ = {
			isa = PBXContainerItemProxy;
			containerPortal = AB96F0D41DA88EB7001D8EEE /* Project object */;
			proxyType = 1;
			remoteGlobalIDString = AB96F0DB1DA88EB7001D8EEE;
			remoteInfo = SuperApp;
		};
/* End PBXContainerItemProxy section */

/* Begin PBXCopyFilesBuildPhase section */
		AB993D6A1DA8CE82003339A8 /* Embed Frameworks */ = {
			isa = PBXCopyFilesBuildPhase;
			buildActionMask = 2147483647;
			dstPath = "";
			dstSubfolderSpec = 10;
			files = (
			);
			name = "Embed Frameworks";
			runOnlyForDeploymentPostprocessing = 0;
		};
/* End PBXCopyFilesBuildPhase section */

/* Begin PBXFileReference section */
		3C4D19442E60C99A3B33A856 /* Pods-SuperApp.debug.xcconfig */ = {isa = PBXFileReference; includeInIndex = 1; lastKnownFileType = text.xcconfig; name = "Pods-SuperApp.debug.xcconfig"; path = "Pods/Target Support Files/Pods-SuperApp/Pods-SuperApp.debug.xcconfig"; sourceTree = "<group>"; };
		444B5762F7F0EE11AF601D68 /* Pods_SuperApp.framework */ = {isa = PBXFileReference; explicitFileType = wrapper.framework; includeInIndex = 0; path = Pods_SuperApp.framework; sourceTree = BUILT_PRODUCTS_DIR; };
		AB0773FD1DFFCA3900D782BF /* SP_RxSwiftTableView.swift */ = {isa = PBXFileReference; fileEncoding = 4; lastKnownFileType = sourcecode.swift; path = SP_RxSwiftTableView.swift; sourceTree = "<group>"; };
		AB0774001DFFCA7D00D782BF /* SP_DrawerVC.swift */ = {isa = PBXFileReference; fileEncoding = 4; lastKnownFileType = sourcecode.swift; path = SP_DrawerVC.swift; sourceTree = "<group>"; };
		AB0774011DFFCA7D00D782BF /* SP_ParentVC_Drawer.swift */ = {isa = PBXFileReference; fileEncoding = 4; lastKnownFileType = sourcecode.swift; path = SP_ParentVC_Drawer.swift; sourceTree = "<group>"; };
		AB0774021DFFCA7D00D782BF /* SP_VipVC.swift */ = {isa = PBXFileReference; fileEncoding = 4; lastKnownFileType = sourcecode.swift; path = SP_VipVC.swift; sourceTree = "<group>"; };
		AB0EB4CB1DFE808900987BC8 /* TabBar_Extension.swift */ = {isa = PBXFileReference; fileEncoding = 4; lastKnownFileType = sourcecode.swift; path = TabBar_Extension.swift; sourceTree = "<group>"; };
		AB342C751EC89D4C006C1A2D /* UINavigationController+FDFullscreenPopGesture.h */ = {isa = PBXFileReference; fileEncoding = 4; lastKnownFileType = sourcecode.c.h; path = "UINavigationController+FDFullscreenPopGesture.h"; sourceTree = "<group>"; };
		AB342C761EC89D4C006C1A2D /* UINavigationController+FDFullscreenPopGesture.m */ = {isa = PBXFileReference; fileEncoding = 4; lastKnownFileType = sourcecode.c.objc; path = "UINavigationController+FDFullscreenPopGesture.m"; sourceTree = "<group>"; };
		AB3A29931ED0375400871B52 /* P_控制流.playground */ = {isa = PBXFileReference; lastKnownFileType = file.playground; path = "P_控制流.playground"; sourceTree = "<group>"; };
		AB3A29941ED0375400871B52 /* P_Arr_Dict.playground */ = {isa = PBXFileReference; lastKnownFileType = file.playground; path = P_Arr_Dict.playground; sourceTree = "<group>"; };
		AB3A29951ED0375400871B52 /* P_Sets.playground */ = {isa = PBXFileReference; lastKnownFileType = file.playground; path = P_Sets.playground; sourceTree = "<group>"; };
		AB3A29961ED0375400871B52 /* P_String.playground */ = {isa = PBXFileReference; lastKnownFileType = file.playground; path = P_String.playground; sourceTree = "<group>"; };
		AB3A29991ED03A1E00871B52 /* jpush-ios-2.1.8.a */ = {isa = PBXFileReference; lastKnownFileType = archive.ar; path = "jpush-ios-2.1.8.a"; sourceTree = "<group>"; };
		AB3A299A1ED03A1E00871B52 /* JPUSHService.h */ = {isa = PBXFileReference; fileEncoding = 4; lastKnownFileType = sourcecode.c.h; path = JPUSHService.h; sourceTree = "<group>"; };
		AB3A299D1ED03A1E00871B52 /* MJRefreshAutoFooter.h */ = {isa = PBXFileReference; fileEncoding = 4; lastKnownFileType = sourcecode.c.h; path = MJRefreshAutoFooter.h; sourceTree = "<group>"; };
		AB3A299E1ED03A1E00871B52 /* MJRefreshAutoFooter.m */ = {isa = PBXFileReference; fileEncoding = 4; lastKnownFileType = sourcecode.c.objc; path = MJRefreshAutoFooter.m; sourceTree = "<group>"; };
		AB3A299F1ED03A1E00871B52 /* MJRefreshBackFooter.h */ = {isa = PBXFileReference; fileEncoding = 4; lastKnownFileType = sourcecode.c.h; path = MJRefreshBackFooter.h; sourceTree = "<group>"; };
		AB3A29A01ED03A1E00871B52 /* MJRefreshBackFooter.m */ = {isa = PBXFileReference; fileEncoding = 4; lastKnownFileType = sourcecode.c.objc; path = MJRefreshBackFooter.m; sourceTree = "<group>"; };
		AB3A29A11ED03A1E00871B52 /* MJRefreshComponent.h */ = {isa = PBXFileReference; fileEncoding = 4; lastKnownFileType = sourcecode.c.h; path = MJRefreshComponent.h; sourceTree = "<group>"; };
		AB3A29A21ED03A1E00871B52 /* MJRefreshComponent.m */ = {isa = PBXFileReference; fileEncoding = 4; lastKnownFileType = sourcecode.c.objc; path = MJRefreshComponent.m; sourceTree = "<group>"; };
		AB3A29A31ED03A1E00871B52 /* MJRefreshFooter.h */ = {isa = PBXFileReference; fileEncoding = 4; lastKnownFileType = sourcecode.c.h; path = MJRefreshFooter.h; sourceTree = "<group>"; };
		AB3A29A41ED03A1E00871B52 /* MJRefreshFooter.m */ = {isa = PBXFileReference; fileEncoding = 4; lastKnownFileType = sourcecode.c.objc; path = MJRefreshFooter.m; sourceTree = "<group>"; };
		AB3A29A51ED03A1E00871B52 /* MJRefreshHeader.h */ = {isa = PBXFileReference; fileEncoding = 4; lastKnownFileType = sourcecode.c.h; path = MJRefreshHeader.h; sourceTree = "<group>"; };
		AB3A29A61ED03A1E00871B52 /* MJRefreshHeader.m */ = {isa = PBXFileReference; fileEncoding = 4; lastKnownFileType = sourcecode.c.objc; path = MJRefreshHeader.m; sourceTree = "<group>"; };
		AB3A29AA1ED03A1E00871B52 /* MJRefreshAutoGifFooter.h */ = {isa = PBXFileReference; fileEncoding = 4; lastKnownFileType = sourcecode.c.h; path = MJRefreshAutoGifFooter.h; sourceTree = "<group>"; };
		AB3A29AB1ED03A1E00871B52 /* MJRefreshAutoGifFooter.m */ = {isa = PBXFileReference; fileEncoding = 4; lastKnownFileType = sourcecode.c.objc; path = MJRefreshAutoGifFooter.m; sourceTree = "<group>"; };
		AB3A29AC1ED03A1E00871B52 /* MJRefreshAutoNormalFooter.h */ = {isa = PBXFileReference; fileEncoding = 4; lastKnownFileType = sourcecode.c.h; path = MJRefreshAutoNormalFooter.h; sourceTree = "<group>"; };
		AB3A29AD1ED03A1E00871B52 /* MJRefreshAutoNormalFooter.m */ = {isa = PBXFileReference; fileEncoding = 4; lastKnownFileType = sourcecode.c.objc; path = MJRefreshAutoNormalFooter.m; sourceTree = "<group>"; };
		AB3A29AE1ED03A1E00871B52 /* MJRefreshAutoStateFooter.h */ = {isa = PBXFileReference; fileEncoding = 4; lastKnownFileType = sourcecode.c.h; path = MJRefreshAutoStateFooter.h; sourceTree = "<group>"; };
		AB3A29AF1ED03A1E00871B52 /* MJRefreshAutoStateFooter.m */ = {isa = PBXFileReference; fileEncoding = 4; lastKnownFileType = sourcecode.c.objc; path = MJRefreshAutoStateFooter.m; sourceTree = "<group>"; };
		AB3A29B11ED03A1E00871B52 /* MJRefreshBackGifFooter.h */ = {isa = PBXFileReference; fileEncoding = 4; lastKnownFileType = sourcecode.c.h; path = MJRefreshBackGifFooter.h; sourceTree = "<group>"; };
		AB3A29B21ED03A1E00871B52 /* MJRefreshBackGifFooter.m */ = {isa = PBXFileReference; fileEncoding = 4; lastKnownFileType = sourcecode.c.objc; path = MJRefreshBackGifFooter.m; sourceTree = "<group>"; };
		AB3A29B31ED03A1E00871B52 /* MJRefreshBackNormalFooter.h */ = {isa = PBXFileReference; fileEncoding = 4; lastKnownFileType = sourcecode.c.h; path = MJRefreshBackNormalFooter.h; sourceTree = "<group>"; };
		AB3A29B41ED03A1E00871B52 /* MJRefreshBackNormalFooter.m */ = {isa = PBXFileReference; fileEncoding = 4; lastKnownFileType = sourcecode.c.objc; path = MJRefreshBackNormalFooter.m; sourceTree = "<group>"; };
		AB3A29B51ED03A1E00871B52 /* MJRefreshBackStateFooter.h */ = {isa = PBXFileReference; fileEncoding = 4; lastKnownFileType = sourcecode.c.h; path = MJRefreshBackStateFooter.h; sourceTree = "<group>"; };
		AB3A29B61ED03A1E00871B52 /* MJRefreshBackStateFooter.m */ = {isa = PBXFileReference; fileEncoding = 4; lastKnownFileType = sourcecode.c.objc; path = MJRefreshBackStateFooter.m; sourceTree = "<group>"; };
		AB3A29B81ED03A1E00871B52 /* MJRefreshGifHeader.h */ = {isa = PBXFileReference; fileEncoding = 4; lastKnownFileType = sourcecode.c.h; path = MJRefreshGifHeader.h; sourceTree = "<group>"; };
		AB3A29B91ED03A1E00871B52 /* MJRefreshGifHeader.m */ = {isa = PBXFileReference; fileEncoding = 4; lastKnownFileType = sourcecode.c.objc; path = MJRefreshGifHeader.m; sourceTree = "<group>"; };
		AB3A29BA1ED03A1E00871B52 /* MJRefreshNormalHeader.h */ = {isa = PBXFileReference; fileEncoding = 4; lastKnownFileType = sourcecode.c.h; path = MJRefreshNormalHeader.h; sourceTree = "<group>"; };
		AB3A29BB1ED03A1E00871B52 /* MJRefreshNormalHeader.m */ = {isa = PBXFileReference; fileEncoding = 4; lastKnownFileType = sourcecode.c.objc; path = MJRefreshNormalHeader.m; sourceTree = "<group>"; };
		AB3A29BC1ED03A1E00871B52 /* MJRefreshStateHeader.h */ = {isa = PBXFileReference; fileEncoding = 4; lastKnownFileType = sourcecode.c.h; path = MJRefreshStateHeader.h; sourceTree = "<group>"; };
		AB3A29BD1ED03A1E00871B52 /* MJRefreshStateHeader.m */ = {isa = PBXFileReference; fileEncoding = 4; lastKnownFileType = sourcecode.c.objc; path = MJRefreshStateHeader.m; sourceTree = "<group>"; };
		AB3A29BE1ED03A1E00871B52 /* MJRefresh.bundle */ = {isa = PBXFileReference; lastKnownFileType = "wrapper.plug-in"; path = MJRefresh.bundle; sourceTree = "<group>"; };
		AB3A29BF1ED03A1E00871B52 /* MJRefresh.h */ = {isa = PBXFileReference; fileEncoding = 4; lastKnownFileType = sourcecode.c.h; path = MJRefresh.h; sourceTree = "<group>"; };
		AB3A29C01ED03A1E00871B52 /* MJRefreshConst.h */ = {isa = PBXFileReference; fileEncoding = 4; lastKnownFileType = sourcecode.c.h; path = MJRefreshConst.h; sourceTree = "<group>"; };
		AB3A29C11ED03A1E00871B52 /* MJRefreshConst.m */ = {isa = PBXFileReference; fileEncoding = 4; lastKnownFileType = sourcecode.c.objc; path = MJRefreshConst.m; sourceTree = "<group>"; };
		AB3A29C21ED03A1E00871B52 /* NSBundle+MJRefresh.h */ = {isa = PBXFileReference; fileEncoding = 4; lastKnownFileType = sourcecode.c.h; path = "NSBundle+MJRefresh.h"; sourceTree = "<group>"; };
		AB3A29C31ED03A1E00871B52 /* NSBundle+MJRefresh.m */ = {isa = PBXFileReference; fileEncoding = 4; lastKnownFileType = sourcecode.c.objc; path = "NSBundle+MJRefresh.m"; sourceTree = "<group>"; };
		AB3A29C41ED03A1E00871B52 /* UIScrollView+MJExtension.h */ = {isa = PBXFileReference; fileEncoding = 4; lastKnownFileType = sourcecode.c.h; path = "UIScrollView+MJExtension.h"; sourceTree = "<group>"; };
		AB3A29C51ED03A1E00871B52 /* UIScrollView+MJExtension.m */ = {isa = PBXFileReference; fileEncoding = 4; lastKnownFileType = sourcecode.c.objc; path = "UIScrollView+MJExtension.m"; sourceTree = "<group>"; };
		AB3A29C61ED03A1E00871B52 /* UIScrollView+MJRefresh.h */ = {isa = PBXFileReference; fileEncoding = 4; lastKnownFileType = sourcecode.c.h; path = "UIScrollView+MJRefresh.h"; sourceTree = "<group>"; };
		AB3A29C71ED03A1E00871B52 /* UIScrollView+MJRefresh.m */ = {isa = PBXFileReference; fileEncoding = 4; lastKnownFileType = sourcecode.c.objc; path = "UIScrollView+MJRefresh.m"; sourceTree = "<group>"; };
		AB3A29C81ED03A1E00871B52 /* UIView+MJExtension.h */ = {isa = PBXFileReference; fileEncoding = 4; lastKnownFileType = sourcecode.c.h; path = "UIView+MJExtension.h"; sourceTree = "<group>"; };
		AB3A29C91ED03A1E00871B52 /* UIView+MJExtension.m */ = {isa = PBXFileReference; fileEncoding = 4; lastKnownFileType = sourcecode.c.objc; path = "UIView+MJExtension.m"; sourceTree = "<group>"; };
		AB3A29DF1ED0892E00871B52 /* NT_ViewController14.swift */ = {isa = PBXFileReference; fileEncoding = 4; lastKnownFileType = sourcecode.swift; path = NT_ViewController14.swift; sourceTree = "<group>"; };
		AB3A29E11ED1730900871B52 /* SP_UITableView.swift */ = {isa = PBXFileReference; fileEncoding = 4; lastKnownFileType = sourcecode.swift; path = SP_UITableView.swift; sourceTree = "<group>"; };
		AB3A29F41ED2B2EC00871B52 /* SP_Rx_SigninVC.swift */ = {isa = PBXFileReference; fileEncoding = 4; lastKnownFileType = sourcecode.swift; path = SP_Rx_SigninVC.swift; sourceTree = "<group>"; };
		AB3A29F61ED31DC900871B52 /* SP_Rx_SigninVCCell.swift */ = {isa = PBXFileReference; fileEncoding = 4; lastKnownFileType = sourcecode.swift; path = SP_Rx_SigninVCCell.swift; sourceTree = "<group>"; };
		AB56454B1DF810C300436382 /* tanhuang.mp3 */ = {isa = PBXFileReference; lastKnownFileType = audio.mp3; path = tanhuang.mp3; sourceTree = "<group>"; };
		AB5FFE8F1DCA1C4D0039C9D1 /* SystemConfiguration.framework */ = {isa = PBXFileReference; lastKnownFileType = wrapper.framework; name = SystemConfiguration.framework; path = System/Library/Frameworks/SystemConfiguration.framework; sourceTree = SDKROOT; };
		AB63A1C21DA88F7D00BC7C64 /* SP_Macros.swift */ = {isa = PBXFileReference; fileEncoding = 4; lastKnownFileType = sourcecode.swift; path = SP_Macros.swift; sourceTree = "<group>"; };
		AB63A1C61DA890AD00BC7C64 /* AppDelegate+Extension.swift */ = {isa = PBXFileReference; fileEncoding = 4; lastKnownFileType = sourcecode.swift; name = "AppDelegate+Extension.swift"; path = "SuperApp/AppDelegate+Extension.swift"; sourceTree = "<group>"; };
		AB8B4C9A1EC5427D0063AFBB /* SP_ParentVC.swift */ = {isa = PBXFileReference; fileEncoding = 4; lastKnownFileType = sourcecode.swift; path = SP_ParentVC.swift; sourceTree = "<group>"; };
		AB8B4CA81EC54F080063AFBB /* SPNT_NavigationController.swift */ = {isa = PBXFileReference; fileEncoding = 4; lastKnownFileType = sourcecode.swift; path = SPNT_NavigationController.swift; sourceTree = "<group>"; };
		AB8B4CAA1EC54F520063AFBB /* SPNT_TabBarController.swift */ = {isa = PBXFileReference; fileEncoding = 4; lastKnownFileType = sourcecode.swift; path = SPNT_TabBarController.swift; sourceTree = "<group>"; };
		AB8B4CAD1EC550FF0063AFBB /* NT_ViewController1.swift */ = {isa = PBXFileReference; fileEncoding = 4; lastKnownFileType = sourcecode.swift; path = NT_ViewController1.swift; sourceTree = "<group>"; };
		AB8B4CAF1EC5510F0063AFBB /* NT_ViewController11.swift */ = {isa = PBXFileReference; fileEncoding = 4; lastKnownFileType = sourcecode.swift; path = NT_ViewController11.swift; sourceTree = "<group>"; };
		AB8B4CB11EC551330063AFBB /* NT_ViewController12.swift */ = {isa = PBXFileReference; fileEncoding = 4; lastKnownFileType = sourcecode.swift; path = NT_ViewController12.swift; sourceTree = "<group>"; };
		AB96F0DC1DA88EB7001D8EEE /* SuperApp.app */ = {isa = PBXFileReference; explicitFileType = wrapper.application; includeInIndex = 0; path = SuperApp.app; sourceTree = BUILT_PRODUCTS_DIR; };
		AB96F0DF1DA88EB7001D8EEE /* AppDelegate.swift */ = {isa = PBXFileReference; lastKnownFileType = sourcecode.swift; name = AppDelegate.swift; path = SuperApp/AppDelegate.swift; sourceTree = "<group>"; };
		AB96F0E61DA88EB7001D8EEE /* Assets.xcassets */ = {isa = PBXFileReference; lastKnownFileType = folder.assetcatalog; path = Assets.xcassets; sourceTree = "<group>"; };
		AB96F0E91DA88EB7001D8EEE /* Base */ = {isa = PBXFileReference; lastKnownFileType = file.storyboard; name = Base; path = Base.lproj/LaunchScreen.storyboard; sourceTree = "<group>"; };
		AB96F0EB1DA88EB7001D8EEE /* Info.plist */ = {isa = PBXFileReference; lastKnownFileType = text.plist.xml; path = Info.plist; sourceTree = "<group>"; };
		AB96F0F01DA88EB8001D8EEE /* SuperAppTests.xctest */ = {isa = PBXFileReference; explicitFileType = wrapper.cfbundle; includeInIndex = 0; path = SuperAppTests.xctest; sourceTree = BUILT_PRODUCTS_DIR; };
		AB96F0F41DA88EB8001D8EEE /* SuperAppTests.swift */ = {isa = PBXFileReference; lastKnownFileType = sourcecode.swift; path = SuperAppTests.swift; sourceTree = "<group>"; };
		AB96F0F61DA88EB8001D8EEE /* Info.plist */ = {isa = PBXFileReference; lastKnownFileType = text.plist.xml; path = Info.plist; sourceTree = "<group>"; };
		AB96F0FB1DA88EB8001D8EEE /* SuperAppUITests.xctest */ = {isa = PBXFileReference; explicitFileType = wrapper.cfbundle; includeInIndex = 0; path = SuperAppUITests.xctest; sourceTree = BUILT_PRODUCTS_DIR; };
		AB96F0FF1DA88EB8001D8EEE /* SuperAppUITests.swift */ = {isa = PBXFileReference; lastKnownFileType = sourcecode.swift; path = SuperAppUITests.swift; sourceTree = "<group>"; };
		AB96F1011DA88EB8001D8EEE /* Info.plist */ = {isa = PBXFileReference; lastKnownFileType = text.plist.xml; path = Info.plist; sourceTree = "<group>"; };
		ABBF72C81EC565F500C590E5 /* SP_NavigationView.swift */ = {isa = PBXFileReference; fileEncoding = 4; lastKnownFileType = sourcecode.swift; path = SP_NavigationView.swift; sourceTree = "<group>"; };
		ABBF72CA1EC565FC00C590E5 /* SP_NavigationView.xib */ = {isa = PBXFileReference; fileEncoding = 4; lastKnownFileType = file.xib; path = SP_NavigationView.xib; sourceTree = "<group>"; };
		ABBF72D01EC59F2000C590E5 /* Navigation_Extension.swift */ = {isa = PBXFileReference; fileEncoding = 4; lastKnownFileType = sourcecode.swift; path = Navigation_Extension.swift; sourceTree = "<group>"; };
		ABBFE02B1DF7AE40000D7124 /* placeholderImage.png */ = {isa = PBXFileReference; lastKnownFileType = image.png; path = placeholderImage.png; sourceTree = "<group>"; };
		ABBFE02C1DF7AE40000D7124 /* SP_GridView.swift */ = {isa = PBXFileReference; fileEncoding = 4; lastKnownFileType = sourcecode.swift; path = SP_GridView.swift; sourceTree = "<group>"; };
		ABBFE02D1DF7AE40000D7124 /* SP_GridView_Extension.swift */ = {isa = PBXFileReference; fileEncoding = 4; lastKnownFileType = sourcecode.swift; path = SP_GridView_Extension.swift; sourceTree = "<group>"; };
		ABBFE0321DF7B807000D7124 /* SP_AdsColleCell.swift */ = {isa = PBXFileReference; fileEncoding = 4; lastKnownFileType = sourcecode.swift; path = SP_AdsColleCell.swift; sourceTree = "<group>"; };
		ABBFE0331DF7B807000D7124 /* SP_AdsColleCell.xib */ = {isa = PBXFileReference; fileEncoding = 4; lastKnownFileType = file.xib; path = SP_AdsColleCell.xib; sourceTree = "<group>"; };
		ABBFE0341DF7B807000D7124 /* SP_AdsCollectionView.swift */ = {isa = PBXFileReference; fileEncoding = 4; lastKnownFileType = sourcecode.swift; path = SP_AdsCollectionView.swift; sourceTree = "<group>"; };
		ABBFE0351DF7B807000D7124 /* SP_AdsCollectionViewModel.swift */ = {isa = PBXFileReference; fileEncoding = 4; lastKnownFileType = sourcecode.swift; path = SP_AdsCollectionViewModel.swift; sourceTree = "<group>"; };
		ABBFE0361DF7B807000D7124 /* SP_AdsView.swift */ = {isa = PBXFileReference; fileEncoding = 4; lastKnownFileType = sourcecode.swift; path = SP_AdsView.swift; sourceTree = "<group>"; };
		ABBFE0381DF7B807000D7124 /* Bool_extension.swift */ = {isa = PBXFileReference; fileEncoding = 4; lastKnownFileType = sourcecode.swift; path = Bool_extension.swift; sourceTree = "<group>"; };
		ABBFE0391DF7B807000D7124 /* Cell_extension.swift */ = {isa = PBXFileReference; fileEncoding = 4; lastKnownFileType = sourcecode.swift; path = Cell_extension.swift; sourceTree = "<group>"; };
		ABBFE03A1DF7B807000D7124 /* CGSize_extension.swift */ = {isa = PBXFileReference; fileEncoding = 4; lastKnownFileType = sourcecode.swift; path = CGSize_extension.swift; sourceTree = "<group>"; };
		ABBFE03B1DF7B807000D7124 /* LCD_Tool.swift */ = {isa = PBXFileReference; fileEncoding = 4; lastKnownFileType = sourcecode.swift; path = LCD_Tool.swift; sourceTree = "<group>"; };
		ABBFE03C1DF7B807000D7124 /* LCDSingleton.swift */ = {isa = PBXFileReference; fileEncoding = 4; lastKnownFileType = sourcecode.swift; path = LCDSingleton.swift; sourceTree = "<group>"; };
		ABBFE03D1DF7B807000D7124 /* LCDToolClass.h */ = {isa = PBXFileReference; fileEncoding = 4; lastKnownFileType = sourcecode.c.h; path = LCDToolClass.h; sourceTree = "<group>"; };
		ABBFE03E1DF7B807000D7124 /* LCDToolClass.m */ = {isa = PBXFileReference; fileEncoding = 4; lastKnownFileType = sourcecode.c.objc; path = LCDToolClass.m; sourceTree = "<group>"; };
		ABBFE03F1DF7B807000D7124 /* NSDate_extension.swift */ = {isa = PBXFileReference; fileEncoding = 4; lastKnownFileType = sourcecode.swift; path = NSDate_extension.swift; sourceTree = "<group>"; };
		ABBFE0401DF7B807000D7124 /* NSTimer_extension.swift */ = {isa = PBXFileReference; fileEncoding = 4; lastKnownFileType = sourcecode.swift; path = NSTimer_extension.swift; sourceTree = "<group>"; };
		ABBFE0411DF7B807000D7124 /* String_extension.swift */ = {isa = PBXFileReference; fileEncoding = 4; lastKnownFileType = sourcecode.swift; path = String_extension.swift; sourceTree = "<group>"; };
		ABBFE0421DF7B807000D7124 /* UIButton_extension.swift */ = {isa = PBXFileReference; fileEncoding = 4; lastKnownFileType = sourcecode.swift; path = UIButton_extension.swift; sourceTree = "<group>"; };
		ABBFE0431DF7B807000D7124 /* UIColor_extension.swift */ = {isa = PBXFileReference; fileEncoding = 4; lastKnownFileType = sourcecode.swift; path = UIColor_extension.swift; sourceTree = "<group>"; };
		ABBFE0441DF7B807000D7124 /* UIFont_extension.swift */ = {isa = PBXFileReference; fileEncoding = 4; lastKnownFileType = sourcecode.swift; path = UIFont_extension.swift; sourceTree = "<group>"; };
		ABBFE0451DF7B807000D7124 /* UILabel_extension.swift */ = {isa = PBXFileReference; fileEncoding = 4; lastKnownFileType = sourcecode.swift; path = UILabel_extension.swift; sourceTree = "<group>"; };
		ABBFE0461DF7B807000D7124 /* UIText_extension.swift */ = {isa = PBXFileReference; fileEncoding = 4; lastKnownFileType = sourcecode.swift; path = UIText_extension.swift; sourceTree = "<group>"; };
		ABBFE0471DF7B807000D7124 /* UITextField_LCD.swift */ = {isa = PBXFileReference; fileEncoding = 4; lastKnownFileType = sourcecode.swift; path = UITextField_LCD.swift; sourceTree = "<group>"; };
		ABBFE0481DF7B807000D7124 /* UIView_extension.swift */ = {isa = PBXFileReference; fileEncoding = 4; lastKnownFileType = sourcecode.swift; path = UIView_extension.swift; sourceTree = "<group>"; };
		ABBFE0491DF7B807000D7124 /* UIViewController+Extension.swift */ = {isa = PBXFileReference; fileEncoding = 4; lastKnownFileType = sourcecode.swift; path = "UIViewController+Extension.swift"; sourceTree = "<group>"; };
		ABBFE04B1DF7B807000D7124 /* SP_GuideVC.swift */ = {isa = PBXFileReference; fileEncoding = 4; lastKnownFileType = sourcecode.swift; path = SP_GuideVC.swift; sourceTree = "<group>"; };
		ABBFE04D1DF7B807000D7124 /* CLLocation+YCLocation.h */ = {isa = PBXFileReference; fileEncoding = 4; lastKnownFileType = sourcecode.c.h; path = "CLLocation+YCLocation.h"; sourceTree = "<group>"; };
		ABBFE04E1DF7B807000D7124 /* CLLocation+YCLocation.m */ = {isa = PBXFileReference; fileEncoding = 4; lastKnownFileType = sourcecode.c.objc; path = "CLLocation+YCLocation.m"; sourceTree = "<group>"; };
		ABBFE04F1DF7B807000D7124 /* SP_LocationManager.swift */ = {isa = PBXFileReference; fileEncoding = 4; lastKnownFileType = sourcecode.swift; path = SP_LocationManager.swift; sourceTree = "<group>"; };
		ABBFE0511DF7B807000D7124 /* SP_MJDIYAutoFooter.swift */ = {isa = PBXFileReference; fileEncoding = 4; lastKnownFileType = sourcecode.swift; path = SP_MJDIYAutoFooter.swift; sourceTree = "<group>"; };
		ABBFE0521DF7B807000D7124 /* SP_MJDIYBackFooter.swift */ = {isa = PBXFileReference; fileEncoding = 4; lastKnownFileType = sourcecode.swift; path = SP_MJDIYBackFooter.swift; sourceTree = "<group>"; };
		ABBFE0531DF7B807000D7124 /* SP_MJDIYHeader.swift */ = {isa = PBXFileReference; fileEncoding = 4; lastKnownFileType = sourcecode.swift; path = SP_MJDIYHeader.swift; sourceTree = "<group>"; };
		ABBFE0541DF7B807000D7124 /* SP_MJRefresh.swift */ = {isa = PBXFileReference; fileEncoding = 4; lastKnownFileType = sourcecode.swift; path = SP_MJRefresh.swift; sourceTree = "<group>"; };
		ABBFE0551DF7B807000D7124 /* SP_MJRefreshDatas.swift */ = {isa = PBXFileReference; fileEncoding = 4; lastKnownFileType = sourcecode.swift; path = SP_MJRefreshDatas.swift; sourceTree = "<group>"; };
		ABBFE0571DF7B807000D7124 /* Reachability.swift */ = {isa = PBXFileReference; fileEncoding = 4; lastKnownFileType = sourcecode.swift; path = Reachability.swift; sourceTree = "<group>"; };
		ABBFE05A1DF7B807000D7124 /* navi_add_gray@2x.png */ = {isa = PBXFileReference; lastKnownFileType = image.png; path = "navi_add_gray@2x.png"; sourceTree = "<group>"; };
		ABBFE05B1DF7B807000D7124 /* navi_add_white@2x.png */ = {isa = PBXFileReference; lastKnownFileType = image.png; path = "navi_add_white@2x.png"; sourceTree = "<group>"; };
		ABBFE05C1DF7B807000D7124 /* navi_back_gray@2x.png */ = {isa = PBXFileReference; lastKnownFileType = image.png; path = "navi_back_gray@2x.png"; sourceTree = "<group>"; };
		ABBFE05D1DF7B807000D7124 /* navi_back_white@2x.png */ = {isa = PBXFileReference; lastKnownFileType = image.png; path = "navi_back_white@2x.png"; sourceTree = "<group>"; };
		ABBFE05E1DF7B807000D7124 /* navi_scanCode_white@2x.png */ = {isa = PBXFileReference; lastKnownFileType = image.png; path = "navi_scanCode_white@2x.png"; sourceTree = "<group>"; };
		ABBFE05F1DF7B807000D7124 /* navi_search_gray@2x.png */ = {isa = PBXFileReference; lastKnownFileType = image.png; path = "navi_search_gray@2x.png"; sourceTree = "<group>"; };
		ABBFE0601DF7B807000D7124 /* navi_share_gray@2x.png */ = {isa = PBXFileReference; lastKnownFileType = image.png; path = "navi_share_gray@2x.png"; sourceTree = "<group>"; };
		ABBFE0621DF7B807000D7124 /* SP_TabBarController.swift */ = {isa = PBXFileReference; fileEncoding = 4; lastKnownFileType = sourcecode.swift; path = SP_TabBarController.swift; sourceTree = "<group>"; };
		ABBFE0901DF7B84A000D7124 /* SP_AdsVC.swift */ = {isa = PBXFileReference; fileEncoding = 4; lastKnownFileType = sourcecode.swift; path = SP_AdsVC.swift; sourceTree = "<group>"; };
		ABBFE0931DF7B84A000D7124 /* SP_Datas.swift */ = {isa = PBXFileReference; fileEncoding = 4; lastKnownFileType = sourcecode.swift; path = SP_Datas.swift; sourceTree = "<group>"; };
		ABBFE0941DF7B84A000D7124 /* SP_MainVC.swift */ = {isa = PBXFileReference; fileEncoding = 4; lastKnownFileType = sourcecode.swift; path = SP_MainVC.swift; sourceTree = "<group>"; };
		ABBFE09D1DF80872000D7124 /* SP_TabMenuView.swift */ = {isa = PBXFileReference; fileEncoding = 4; lastKnownFileType = sourcecode.swift; path = SP_TabMenuView.swift; sourceTree = "<group>"; };
		ABBFE09E1DF80872000D7124 /* SP_TabMenuView.xib */ = {isa = PBXFileReference; fileEncoding = 4; lastKnownFileType = file.xib; path = SP_TabMenuView.xib; sourceTree = "<group>"; };
		ABC71FB11EC97C2300C780F9 /* SP_Navigation_TabBar.storyboard */ = {isa = PBXFileReference; fileEncoding = 4; lastKnownFileType = file.storyboard; path = SP_Navigation_TabBar.storyboard; sourceTree = "<group>"; };
		ABC71FB31EC97C2300C780F9 /* SP_iPadStoryboard.storyboard */ = {isa = PBXFileReference; fileEncoding = 4; lastKnownFileType = file.storyboard; path = SP_iPadStoryboard.storyboard; sourceTree = "<group>"; };
		ABC71FB41EC97C2300C780F9 /* SP_MainStoryboard.storyboard */ = {isa = PBXFileReference; fileEncoding = 4; lastKnownFileType = file.storyboard; path = SP_MainStoryboard.storyboard; sourceTree = "<group>"; };
		ABC71FB91EC992B900C780F9 /* NT_ViewController13.swift */ = {isa = PBXFileReference; fileEncoding = 4; lastKnownFileType = sourcecode.swift; path = NT_ViewController13.swift; sourceTree = "<group>"; };
		ABD9EBA21DA8C8A6004DAB58 /* SuperApp-Bridging-Header.h */ = {isa = PBXFileReference; fileEncoding = 4; lastKnownFileType = sourcecode.c.h; name = "SuperApp-Bridging-Header.h"; path = "SuperApp/SuperApp-Bridging-Header.h"; sourceTree = "<group>"; };
		ABDFC90F1EC99E53002110AB /* Main.storyboard */ = {isa = PBXFileReference; fileEncoding = 4; lastKnownFileType = file.storyboard; path = Main.storyboard; sourceTree = "<group>"; };
		ABDFC9121EC9E8BF002110AB /* SP_RxDemo.storyboard */ = {isa = PBXFileReference; fileEncoding = 4; lastKnownFileType = file.storyboard; path = SP_RxDemo.storyboard; sourceTree = "<group>"; };
		ABDFC9141EC9EDDD002110AB /* SP_RxDemo.playground */ = {isa = PBXFileReference; lastKnownFileType = file.playground; path = SP_RxDemo.playground; sourceTree = "<group>"; };
		ABDFC9161EC9F0FD002110AB /* SP_Rx_TableView.swift */ = {isa = PBXFileReference; fileEncoding = 4; lastKnownFileType = sourcecode.swift; path = SP_Rx_TableView.swift; sourceTree = "<group>"; };
		ABDFC91A1EC9F30E002110AB /* SP_Rx_DemoVC.swift */ = {isa = PBXFileReference; fileEncoding = 4; lastKnownFileType = sourcecode.swift; path = SP_Rx_DemoVC.swift; sourceTree = "<group>"; };
		ABDFC9211ECA7C93002110AB /* SP_API.h */ = {isa = PBXFileReference; fileEncoding = 4; lastKnownFileType = sourcecode.c.h; path = SP_API.h; sourceTree = "<group>"; };
		ABFAA1871EC5DBAF00EEA338 /* SP_AFNetWorkingSwift.swift */ = {isa = PBXFileReference; fileEncoding = 4; lastKnownFileType = sourcecode.swift; path = SP_AFNetWorkingSwift.swift; sourceTree = "<group>"; };
		ABFAA1881EC5DBAF00EEA338 /* SP_NetWorkingType.swift */ = {isa = PBXFileReference; fileEncoding = 4; lastKnownFileType = sourcecode.swift; path = SP_NetWorkingType.swift; sourceTree = "<group>"; };
		ABFAA1891EC5DBAF00EEA338 /* SP_UploadParam.swift */ = {isa = PBXFileReference; fileEncoding = 4; lastKnownFileType = sourcecode.swift; path = SP_UploadParam.swift; sourceTree = "<group>"; };
		C14D4E1C04C55FDDB28846B2 /* Pods-SuperApp.release.xcconfig */ = {isa = PBXFileReference; includeInIndex = 1; lastKnownFileType = text.xcconfig; name = "Pods-SuperApp.release.xcconfig"; path = "Pods/Target Support Files/Pods-SuperApp/Pods-SuperApp.release.xcconfig"; sourceTree = "<group>"; };
/* End PBXFileReference section */

/* Begin PBXFrameworksBuildPhase section */
		AB96F0D91DA88EB7001D8EEE /* Frameworks */ = {
			isa = PBXFrameworksBuildPhase;
			buildActionMask = 2147483647;
			files = (
				AB3A29CA1ED03A1E00871B52 /* jpush-ios-2.1.8.a in Frameworks */,
				2CF239D044EB762C7C5A2BC0 /* Pods_SuperApp.framework in Frameworks */,
			);
			runOnlyForDeploymentPostprocessing = 0;
		};
		AB96F0ED1DA88EB8001D8EEE /* Frameworks */ = {
			isa = PBXFrameworksBuildPhase;
			buildActionMask = 2147483647;
			files = (
			);
			runOnlyForDeploymentPostprocessing = 0;
		};
		AB96F0F81DA88EB8001D8EEE /* Frameworks */ = {
			isa = PBXFrameworksBuildPhase;
			buildActionMask = 2147483647;
			files = (
			);
			runOnlyForDeploymentPostprocessing = 0;
		};
/* End PBXFrameworksBuildPhase section */

/* Begin PBXGroup section */
		7A088C91D20330BB5B016A15 /* Frameworks */ = {
			isa = PBXGroup;
			children = (
				AB5FFE8F1DCA1C4D0039C9D1 /* SystemConfiguration.framework */,
				444B5762F7F0EE11AF601D68 /* Pods_SuperApp.framework */,
			);
			name = Frameworks;
			sourceTree = "<group>";
		};
		825235D492AE860C0B3CD1A0 /* Pods */ = {
			isa = PBXGroup;
			children = (
				3C4D19442E60C99A3B33A856 /* Pods-SuperApp.debug.xcconfig */,
				C14D4E1C04C55FDDB28846B2 /* Pods-SuperApp.release.xcconfig */,
			);
			name = Pods;
			sourceTree = "<group>";
		};
		AB0773FC1DFFCA3900D782BF /* RxSwift_TableView */ = {
			isa = PBXGroup;
			children = (
				AB0773FD1DFFCA3900D782BF /* SP_RxSwiftTableView.swift */,
			);
			path = RxSwift_TableView;
			sourceTree = "<group>";
		};
		AB0773FF1DFFCA7D00D782BF /* 抽屉 */ = {
			isa = PBXGroup;
			children = (
				AB0774001DFFCA7D00D782BF /* SP_DrawerVC.swift */,
				AB0774011DFFCA7D00D782BF /* SP_ParentVC_Drawer.swift */,
				AB0774021DFFCA7D00D782BF /* SP_VipVC.swift */,
			);
			name = "抽屉";
			path = Drawer;
			sourceTree = "<group>";
		};
		AB3A29921ED0370D00871B52 /* Swift基础 */ = {
			isa = PBXGroup;
			children = (
				AB3A29931ED0375400871B52 /* P_控制流.playground */,
				AB3A29941ED0375400871B52 /* P_Arr_Dict.playground */,
				AB3A29951ED0375400871B52 /* P_Sets.playground */,
				AB3A29961ED0375400871B52 /* P_String.playground */,
			);
			path = "Swift基础";
			sourceTree = "<group>";
		};
		AB3A29971ED03A1E00871B52 /* OtherSDK */ = {
			isa = PBXGroup;
			children = (
				AB3A29981ED03A1E00871B52 /* JPush */,
				AB3A299B1ED03A1E00871B52 /* MJRefresh */,
			);
			path = OtherSDK;
			sourceTree = "<group>";
		};
		AB3A29981ED03A1E00871B52 /* JPush */ = {
			isa = PBXGroup;
			children = (
				AB3A29991ED03A1E00871B52 /* jpush-ios-2.1.8.a */,
				AB3A299A1ED03A1E00871B52 /* JPUSHService.h */,
			);
			path = JPush;
			sourceTree = "<group>";
		};
		AB3A299B1ED03A1E00871B52 /* MJRefresh */ = {
			isa = PBXGroup;
			children = (
				AB3A299C1ED03A1E00871B52 /* Base */,
				AB3A29A71ED03A1E00871B52 /* Custom */,
				AB3A29BE1ED03A1E00871B52 /* MJRefresh.bundle */,
				AB3A29BF1ED03A1E00871B52 /* MJRefresh.h */,
				AB3A29C01ED03A1E00871B52 /* MJRefreshConst.h */,
				AB3A29C11ED03A1E00871B52 /* MJRefreshConst.m */,
				AB3A29C21ED03A1E00871B52 /* NSBundle+MJRefresh.h */,
				AB3A29C31ED03A1E00871B52 /* NSBundle+MJRefresh.m */,
				AB3A29C41ED03A1E00871B52 /* UIScrollView+MJExtension.h */,
				AB3A29C51ED03A1E00871B52 /* UIScrollView+MJExtension.m */,
				AB3A29C61ED03A1E00871B52 /* UIScrollView+MJRefresh.h */,
				AB3A29C71ED03A1E00871B52 /* UIScrollView+MJRefresh.m */,
				AB3A29C81ED03A1E00871B52 /* UIView+MJExtension.h */,
				AB3A29C91ED03A1E00871B52 /* UIView+MJExtension.m */,
			);
			path = MJRefresh;
			sourceTree = "<group>";
		};
		AB3A299C1ED03A1E00871B52 /* Base */ = {
			isa = PBXGroup;
			children = (
				AB3A299D1ED03A1E00871B52 /* MJRefreshAutoFooter.h */,
				AB3A299E1ED03A1E00871B52 /* MJRefreshAutoFooter.m */,
				AB3A299F1ED03A1E00871B52 /* MJRefreshBackFooter.h */,
				AB3A29A01ED03A1E00871B52 /* MJRefreshBackFooter.m */,
				AB3A29A11ED03A1E00871B52 /* MJRefreshComponent.h */,
				AB3A29A21ED03A1E00871B52 /* MJRefreshComponent.m */,
				AB3A29A31ED03A1E00871B52 /* MJRefreshFooter.h */,
				AB3A29A41ED03A1E00871B52 /* MJRefreshFooter.m */,
				AB3A29A51ED03A1E00871B52 /* MJRefreshHeader.h */,
				AB3A29A61ED03A1E00871B52 /* MJRefreshHeader.m */,
			);
			path = Base;
			sourceTree = "<group>";
		};
		AB3A29A71ED03A1E00871B52 /* Custom */ = {
			isa = PBXGroup;
			children = (
				AB3A29A81ED03A1E00871B52 /* Footer */,
				AB3A29B71ED03A1E00871B52 /* Header */,
			);
			path = Custom;
			sourceTree = "<group>";
		};
		AB3A29A81ED03A1E00871B52 /* Footer */ = {
			isa = PBXGroup;
			children = (
				AB3A29A91ED03A1E00871B52 /* Auto */,
				AB3A29B01ED03A1E00871B52 /* Back */,
			);
			path = Footer;
			sourceTree = "<group>";
		};
		AB3A29A91ED03A1E00871B52 /* Auto */ = {
			isa = PBXGroup;
			children = (
				AB3A29AA1ED03A1E00871B52 /* MJRefreshAutoGifFooter.h */,
				AB3A29AB1ED03A1E00871B52 /* MJRefreshAutoGifFooter.m */,
				AB3A29AC1ED03A1E00871B52 /* MJRefreshAutoNormalFooter.h */,
				AB3A29AD1ED03A1E00871B52 /* MJRefreshAutoNormalFooter.m */,
				AB3A29AE1ED03A1E00871B52 /* MJRefreshAutoStateFooter.h */,
				AB3A29AF1ED03A1E00871B52 /* MJRefreshAutoStateFooter.m */,
			);
			path = Auto;
			sourceTree = "<group>";
		};
		AB3A29B01ED03A1E00871B52 /* Back */ = {
			isa = PBXGroup;
			children = (
				AB3A29B11ED03A1E00871B52 /* MJRefreshBackGifFooter.h */,
				AB3A29B21ED03A1E00871B52 /* MJRefreshBackGifFooter.m */,
				AB3A29B31ED03A1E00871B52 /* MJRefreshBackNormalFooter.h */,
				AB3A29B41ED03A1E00871B52 /* MJRefreshBackNormalFooter.m */,
				AB3A29B51ED03A1E00871B52 /* MJRefreshBackStateFooter.h */,
				AB3A29B61ED03A1E00871B52 /* MJRefreshBackStateFooter.m */,
			);
			path = Back;
			sourceTree = "<group>";
		};
		AB3A29B71ED03A1E00871B52 /* Header */ = {
			isa = PBXGroup;
			children = (
				AB3A29B81ED03A1E00871B52 /* MJRefreshGifHeader.h */,
				AB3A29B91ED03A1E00871B52 /* MJRefreshGifHeader.m */,
				AB3A29BA1ED03A1E00871B52 /* MJRefreshNormalHeader.h */,
				AB3A29BB1ED03A1E00871B52 /* MJRefreshNormalHeader.m */,
				AB3A29BC1ED03A1E00871B52 /* MJRefreshStateHeader.h */,
				AB3A29BD1ED03A1E00871B52 /* MJRefreshStateHeader.m */,
			);
			path = Header;
			sourceTree = "<group>";
		};
		AB3A29F31ED2B2D300871B52 /* Rx_Register */ = {
			isa = PBXGroup;
			children = (
				AB3A29F41ED2B2EC00871B52 /* SP_Rx_SigninVC.swift */,
				AB3A29F61ED31DC900871B52 /* SP_Rx_SigninVCCell.swift */,
			);
			path = Rx_Register;
			sourceTree = "<group>";
		};
		AB63A1BE1DA88F7D00BC7C64 /* Class */ = {
			isa = PBXGroup;
			children = (
				ABC71FB01EC97BB800C780F9 /* Sp_Storyboard */,
				ABBFE08F1DF7B84A000D7124 /* SP_CommonClass */,
				ABBFE0921DF7B84A000D7124 /* SP_MainVC */,
			);
			path = Class;
			sourceTree = "<group>";
		};
		AB63A1C01DA88F7D00BC7C64 /* NetWorking */ = {
			isa = PBXGroup;
			children = (
				ABFAA1861EC5DBAF00EEA338 /* SP_NetWorking */,
			);
			path = NetWorking;
			sourceTree = "<group>";
		};
		AB63A1C11DA88F7D00BC7C64 /* Tool */ = {
			isa = PBXGroup;
			children = (
				AB63A1C21DA88F7D00BC7C64 /* SP_Macros.swift */,
				ABBFE0311DF7B807000D7124 /* SP_AdsView */,
				ABBFE0371DF7B807000D7124 /* SP_Extension */,
				ABBFE04A1DF7B807000D7124 /* SP_GuideVC */,
				ABBFE04C1DF7B807000D7124 /* SP_LocationManager */,
				ABBFE0501DF7B807000D7124 /* SP_MJRefresh */,
				ABBFE0561DF7B807000D7124 /* SP_Reachability */,
				ABBFE0581DF7B807000D7124 /* SP_Tab_Navi */,
				ABBFE02A1DF7AE40000D7124 /* SP_GridView */,
			);
			path = Tool;
			sourceTree = "<group>";
		};
		AB63A1C51DA88FA800BC7C64 /* Other */ = {
			isa = PBXGroup;
			children = (
				ABDFC90F1EC99E53002110AB /* Main.storyboard */,
				AB96F0E61DA88EB7001D8EEE /* Assets.xcassets */,
				AB96F0E81DA88EB7001D8EEE /* LaunchScreen.storyboard */,
				AB96F0EB1DA88EB7001D8EEE /* Info.plist */,
			);
			name = Other;
			sourceTree = "<group>";
		};
		AB8B4CA71EC54EC50063AFBB /* Navigation+TabBar */ = {
			isa = PBXGroup;
			children = (
				AB8B4CA81EC54F080063AFBB /* SPNT_NavigationController.swift */,
				AB8B4CAA1EC54F520063AFBB /* SPNT_TabBarController.swift */,
				AB8B4CAC1EC550DD0063AFBB /* vcs */,
			);
			path = "Navigation+TabBar";
			sourceTree = "<group>";
		};
		AB8B4CAC1EC550DD0063AFBB /* vcs */ = {
			isa = PBXGroup;
			children = (
				AB8B4CAD1EC550FF0063AFBB /* NT_ViewController1.swift */,
				AB8B4CAF1EC5510F0063AFBB /* NT_ViewController11.swift */,
				AB8B4CB11EC551330063AFBB /* NT_ViewController12.swift */,
				ABC71FB91EC992B900C780F9 /* NT_ViewController13.swift */,
				AB3A29DF1ED0892E00871B52 /* NT_ViewController14.swift */,
				AB3A29E11ED1730900871B52 /* SP_UITableView.swift */,
			);
			path = vcs;
			sourceTree = "<group>";
		};
		AB96F0D31DA88EB7001D8EEE = {
			isa = PBXGroup;
			children = (
				AB96F0DF1DA88EB7001D8EEE /* AppDelegate.swift */,
				AB63A1C61DA890AD00BC7C64 /* AppDelegate+Extension.swift */,
				ABD9EBA21DA8C8A6004DAB58 /* SuperApp-Bridging-Header.h */,
				AB96F0DE1DA88EB7001D8EEE /* SuperApp */,
				AB96F0F31DA88EB8001D8EEE /* SuperAppTests */,
				AB96F0FE1DA88EB8001D8EEE /* SuperAppUITests */,
				AB96F0DD1DA88EB7001D8EEE /* Products */,
				7A088C91D20330BB5B016A15 /* Frameworks */,
				825235D492AE860C0B3CD1A0 /* Pods */,
			);
			sourceTree = "<group>";
		};
		AB96F0DD1DA88EB7001D8EEE /* Products */ = {
			isa = PBXGroup;
			children = (
				AB96F0DC1DA88EB7001D8EEE /* SuperApp.app */,
				AB96F0F01DA88EB8001D8EEE /* SuperAppTests.xctest */,
				AB96F0FB1DA88EB8001D8EEE /* SuperAppUITests.xctest */,
			);
			name = Products;
			sourceTree = "<group>";
		};
		AB96F0DE1DA88EB7001D8EEE /* SuperApp */ = {
			isa = PBXGroup;
			children = (
				AB3A29971ED03A1E00871B52 /* OtherSDK */,
				AB3A29921ED0370D00871B52 /* Swift基础 */,
				ABDFC91C1ECA7B46002110AB /* SP_API */,
				AB63A1C11DA88F7D00BC7C64 /* Tool */,
				AB63A1C01DA88F7D00BC7C64 /* NetWorking */,
				ABDFC9111EC9E877002110AB /* Rx_Demo */,
				AB63A1BE1DA88F7D00BC7C64 /* Class */,
				AB63A1C51DA88FA800BC7C64 /* Other */,
			);
			path = SuperApp;
			sourceTree = "<group>";
		};
		AB96F0F31DA88EB8001D8EEE /* SuperAppTests */ = {
			isa = PBXGroup;
			children = (
				AB96F0F41DA88EB8001D8EEE /* SuperAppTests.swift */,
				AB96F0F61DA88EB8001D8EEE /* Info.plist */,
			);
			path = SuperAppTests;
			sourceTree = "<group>";
		};
		AB96F0FE1DA88EB8001D8EEE /* SuperAppUITests */ = {
			isa = PBXGroup;
			children = (
				AB96F0FF1DA88EB8001D8EEE /* SuperAppUITests.swift */,
				AB96F1011DA88EB8001D8EEE /* Info.plist */,
			);
			path = SuperAppUITests;
			sourceTree = "<group>";
		};
		ABBFE02A1DF7AE40000D7124 /* SP_GridView */ = {
			isa = PBXGroup;
			children = (
				AB56454B1DF810C300436382 /* tanhuang.mp3 */,
				ABBFE02B1DF7AE40000D7124 /* placeholderImage.png */,
				ABBFE02C1DF7AE40000D7124 /* SP_GridView.swift */,
				ABBFE02D1DF7AE40000D7124 /* SP_GridView_Extension.swift */,
				ABBFE09D1DF80872000D7124 /* SP_TabMenuView.swift */,
				ABBFE09E1DF80872000D7124 /* SP_TabMenuView.xib */,
			);
			path = SP_GridView;
			sourceTree = "<group>";
		};
		ABBFE0311DF7B807000D7124 /* SP_AdsView */ = {
			isa = PBXGroup;
			children = (
				ABBFE0321DF7B807000D7124 /* SP_AdsColleCell.swift */,
				ABBFE0331DF7B807000D7124 /* SP_AdsColleCell.xib */,
				ABBFE0341DF7B807000D7124 /* SP_AdsCollectionView.swift */,
				ABBFE0351DF7B807000D7124 /* SP_AdsCollectionViewModel.swift */,
				ABBFE0361DF7B807000D7124 /* SP_AdsView.swift */,
			);
			path = SP_AdsView;
			sourceTree = "<group>";
		};
		ABBFE0371DF7B807000D7124 /* SP_Extension */ = {
			isa = PBXGroup;
			children = (
				ABBFE0381DF7B807000D7124 /* Bool_extension.swift */,
				ABBFE0391DF7B807000D7124 /* Cell_extension.swift */,
				ABBFE03A1DF7B807000D7124 /* CGSize_extension.swift */,
				ABBFE03B1DF7B807000D7124 /* LCD_Tool.swift */,
				ABBFE03C1DF7B807000D7124 /* LCDSingleton.swift */,
				ABBFE03D1DF7B807000D7124 /* LCDToolClass.h */,
				ABBFE03E1DF7B807000D7124 /* LCDToolClass.m */,
				ABBFE03F1DF7B807000D7124 /* NSDate_extension.swift */,
				ABBFE0401DF7B807000D7124 /* NSTimer_extension.swift */,
				ABBFE0411DF7B807000D7124 /* String_extension.swift */,
				ABBFE0421DF7B807000D7124 /* UIButton_extension.swift */,
				ABBFE0431DF7B807000D7124 /* UIColor_extension.swift */,
				ABBFE0441DF7B807000D7124 /* UIFont_extension.swift */,
				ABBFE0451DF7B807000D7124 /* UILabel_extension.swift */,
				ABBFE0461DF7B807000D7124 /* UIText_extension.swift */,
				ABBFE0471DF7B807000D7124 /* UITextField_LCD.swift */,
				ABBFE0481DF7B807000D7124 /* UIView_extension.swift */,
				ABBFE0491DF7B807000D7124 /* UIViewController+Extension.swift */,
			);
			path = SP_Extension;
			sourceTree = "<group>";
		};
		ABBFE04A1DF7B807000D7124 /* SP_GuideVC */ = {
			isa = PBXGroup;
			children = (
				ABBFE04B1DF7B807000D7124 /* SP_GuideVC.swift */,
			);
			path = SP_GuideVC;
			sourceTree = "<group>";
		};
		ABBFE04C1DF7B807000D7124 /* SP_LocationManager */ = {
			isa = PBXGroup;
			children = (
				ABBFE04D1DF7B807000D7124 /* CLLocation+YCLocation.h */,
				ABBFE04E1DF7B807000D7124 /* CLLocation+YCLocation.m */,
				ABBFE04F1DF7B807000D7124 /* SP_LocationManager.swift */,
			);
			path = SP_LocationManager;
			sourceTree = "<group>";
		};
		ABBFE0501DF7B807000D7124 /* SP_MJRefresh */ = {
			isa = PBXGroup;
			children = (
				ABBFE0511DF7B807000D7124 /* SP_MJDIYAutoFooter.swift */,
				ABBFE0521DF7B807000D7124 /* SP_MJDIYBackFooter.swift */,
				ABBFE0531DF7B807000D7124 /* SP_MJDIYHeader.swift */,
				ABBFE0541DF7B807000D7124 /* SP_MJRefresh.swift */,
				ABBFE0551DF7B807000D7124 /* SP_MJRefreshDatas.swift */,
			);
			path = SP_MJRefresh;
			sourceTree = "<group>";
		};
		ABBFE0561DF7B807000D7124 /* SP_Reachability */ = {
			isa = PBXGroup;
			children = (
				ABBFE0571DF7B807000D7124 /* Reachability.swift */,
			);
			path = SP_Reachability;
			sourceTree = "<group>";
		};
		ABBFE0581DF7B807000D7124 /* SP_Tab_Navi */ = {
			isa = PBXGroup;
			children = (
				ABBFE0591DF7B807000D7124 /* image */,
				AB8B4C9A1EC5427D0063AFBB /* SP_ParentVC.swift */,
				ABBF72C81EC565F500C590E5 /* SP_NavigationView.swift */,
				ABBF72CA1EC565FC00C590E5 /* SP_NavigationView.xib */,
				ABBFE0621DF7B807000D7124 /* SP_TabBarController.swift */,
				AB0EB4CB1DFE808900987BC8 /* TabBar_Extension.swift */,
				ABBF72D01EC59F2000C590E5 /* Navigation_Extension.swift */,
				AB342C751EC89D4C006C1A2D /* UINavigationController+FDFullscreenPopGesture.h */,
				AB342C761EC89D4C006C1A2D /* UINavigationController+FDFullscreenPopGesture.m */,
			);
			path = SP_Tab_Navi;
			sourceTree = "<group>";
		};
		ABBFE0591DF7B807000D7124 /* image */ = {
			isa = PBXGroup;
			children = (
				ABBFE05A1DF7B807000D7124 /* navi_add_gray@2x.png */,
				ABBFE05B1DF7B807000D7124 /* navi_add_white@2x.png */,
				ABBFE05C1DF7B807000D7124 /* navi_back_gray@2x.png */,
				ABBFE05D1DF7B807000D7124 /* navi_back_white@2x.png */,
				ABBFE05E1DF7B807000D7124 /* navi_scanCode_white@2x.png */,
				ABBFE05F1DF7B807000D7124 /* navi_search_gray@2x.png */,
				ABBFE0601DF7B807000D7124 /* navi_share_gray@2x.png */,
			);
			path = image;
			sourceTree = "<group>";
		};
		ABBFE08F1DF7B84A000D7124 /* SP_CommonClass */ = {
			isa = PBXGroup;
			children = (
				ABBFE0901DF7B84A000D7124 /* SP_AdsVC.swift */,
			);
			path = SP_CommonClass;
			sourceTree = "<group>";
		};
		ABBFE0921DF7B84A000D7124 /* SP_MainVC */ = {
			isa = PBXGroup;
			children = (
				ABBFE0931DF7B84A000D7124 /* SP_Datas.swift */,
				ABBFE0941DF7B84A000D7124 /* SP_MainVC.swift */,
				AB8B4CA71EC54EC50063AFBB /* Navigation+TabBar */,
				AB0773FF1DFFCA7D00D782BF /* 抽屉 */,
				AB0773FC1DFFCA3900D782BF /* RxSwift_TableView */,
			);
			path = SP_MainVC;
			sourceTree = "<group>";
		};
		ABC71FB01EC97BB800C780F9 /* Sp_Storyboard */ = {
			isa = PBXGroup;
			children = (
				ABC71FB41EC97C2300C780F9 /* SP_MainStoryboard.storyboard */,
				ABC71FB11EC97C2300C780F9 /* SP_Navigation_TabBar.storyboard */,
				ABC71FB31EC97C2300C780F9 /* SP_iPadStoryboard.storyboard */,
			);
			path = Sp_Storyboard;
			sourceTree = "<group>";
		};
		ABDFC9111EC9E877002110AB /* Rx_Demo */ = {
			isa = PBXGroup;
			children = (
				ABDFC9141EC9EDDD002110AB /* SP_RxDemo.playground */,
				ABDFC9121EC9E8BF002110AB /* SP_RxDemo.storyboard */,
				ABDFC91A1EC9F30E002110AB /* SP_Rx_DemoVC.swift */,
				AB3A29F31ED2B2D300871B52 /* Rx_Register */,
				ABDFC9151EC9EE90002110AB /* Rx_TableView */,
			);
			path = Rx_Demo;
			sourceTree = "<group>";
		};
		ABDFC9151EC9EE90002110AB /* Rx_TableView */ = {
			isa = PBXGroup;
			children = (
				ABDFC9161EC9F0FD002110AB /* SP_Rx_TableView.swift */,
			);
			path = Rx_TableView;
			sourceTree = "<group>";
		};
		ABDFC91C1ECA7B46002110AB /* SP_API */ = {
			isa = PBXGroup;
			children = (
				ABDFC9211ECA7C93002110AB /* SP_API.h */,
			);
			path = SP_API;
			sourceTree = "<group>";
		};
		ABFAA1861EC5DBAF00EEA338 /* SP_NetWorking */ = {
			isa = PBXGroup;
			children = (
				ABFAA1871EC5DBAF00EEA338 /* SP_AFNetWorkingSwift.swift */,
				ABFAA1881EC5DBAF00EEA338 /* SP_NetWorkingType.swift */,
				ABFAA1891EC5DBAF00EEA338 /* SP_UploadParam.swift */,
			);
			path = SP_NetWorking;
			sourceTree = "<group>";
		};
/* End PBXGroup section */

/* Begin PBXNativeTarget section */
		AB96F0DB1DA88EB7001D8EEE /* SuperApp */ = {
			isa = PBXNativeTarget;
			buildConfigurationList = AB96F1041DA88EB8001D8EEE /* Build configuration list for PBXNativeTarget "SuperApp" */;
			buildPhases = (
				4B12CD45CBA78154125CDB76 /* [CP] Check Pods Manifest.lock */,
				AB96F0D81DA88EB7001D8EEE /* Sources */,
				AB96F0D91DA88EB7001D8EEE /* Frameworks */,
				AB96F0DA1DA88EB7001D8EEE /* Resources */,
				AB993D6A1DA8CE82003339A8 /* Embed Frameworks */,
				2E23880DC9CB01F23BD4AB4D /* [CP] Embed Pods Frameworks */,
				689731BCA3C37C47D0C46E06 /* [CP] Copy Pods Resources */,
			);
			buildRules = (
			);
			dependencies = (
			);
			name = SuperApp;
			productName = SuperApp;
			productReference = AB96F0DC1DA88EB7001D8EEE /* SuperApp.app */;
			productType = "com.apple.product-type.application";
		};
		AB96F0EF1DA88EB8001D8EEE /* SuperAppTests */ = {
			isa = PBXNativeTarget;
			buildConfigurationList = AB96F1071DA88EB8001D8EEE /* Build configuration list for PBXNativeTarget "SuperAppTests" */;
			buildPhases = (
				AB96F0EC1DA88EB8001D8EEE /* Sources */,
				AB96F0ED1DA88EB8001D8EEE /* Frameworks */,
				AB96F0EE1DA88EB8001D8EEE /* Resources */,
			);
			buildRules = (
			);
			dependencies = (
				AB96F0F21DA88EB8001D8EEE /* PBXTargetDependency */,
			);
			name = SuperAppTests;
			productName = SuperAppTests;
			productReference = AB96F0F01DA88EB8001D8EEE /* SuperAppTests.xctest */;
			productType = "com.apple.product-type.bundle.unit-test";
		};
		AB96F0FA1DA88EB8001D8EEE /* SuperAppUITests */ = {
			isa = PBXNativeTarget;
			buildConfigurationList = AB96F10A1DA88EB8001D8EEE /* Build configuration list for PBXNativeTarget "SuperAppUITests" */;
			buildPhases = (
				AB96F0F71DA88EB8001D8EEE /* Sources */,
				AB96F0F81DA88EB8001D8EEE /* Frameworks */,
				AB96F0F91DA88EB8001D8EEE /* Resources */,
			);
			buildRules = (
			);
			dependencies = (
				AB96F0FD1DA88EB8001D8EEE /* PBXTargetDependency */,
			);
			name = SuperAppUITests;
			productName = SuperAppUITests;
			productReference = AB96F0FB1DA88EB8001D8EEE /* SuperAppUITests.xctest */;
			productType = "com.apple.product-type.bundle.ui-testing";
		};
/* End PBXNativeTarget section */

/* Begin PBXProject section */
		AB96F0D41DA88EB7001D8EEE /* Project object */ = {
			isa = PBXProject;
			attributes = {
				LastSwiftUpdateCheck = 0800;
				LastUpgradeCheck = 0810;
				ORGANIZATIONNAME = "Friends-Home";
				TargetAttributes = {
					AB96F0DB1DA88EB7001D8EEE = {
						CreatedOnToolsVersion = 8.0;
						DevelopmentTeam = 2WE47H27GG;
						LastSwiftMigration = 0800;
						ProvisioningStyle = Automatic;
					};
					AB96F0EF1DA88EB8001D8EEE = {
						CreatedOnToolsVersion = 8.0;
						ProvisioningStyle = Automatic;
						TestTargetID = AB96F0DB1DA88EB7001D8EEE;
					};
					AB96F0FA1DA88EB8001D8EEE = {
						CreatedOnToolsVersion = 8.0;
						ProvisioningStyle = Automatic;
						TestTargetID = AB96F0DB1DA88EB7001D8EEE;
					};
				};
			};
			buildConfigurationList = AB96F0D71DA88EB7001D8EEE /* Build configuration list for PBXProject "SuperApp" */;
			compatibilityVersion = "Xcode 3.2";
			developmentRegion = English;
			hasScannedForEncodings = 0;
			knownRegions = (
				en,
				Base,
			);
			mainGroup = AB96F0D31DA88EB7001D8EEE;
			productRefGroup = AB96F0DD1DA88EB7001D8EEE /* Products */;
			projectDirPath = "";
			projectRoot = "";
			targets = (
				AB96F0DB1DA88EB7001D8EEE /* SuperApp */,
				AB96F0EF1DA88EB8001D8EEE /* SuperAppTests */,
				AB96F0FA1DA88EB8001D8EEE /* SuperAppUITests */,
			);
		};
/* End PBXProject section */

/* Begin PBXResourcesBuildPhase section */
		AB96F0DA1DA88EB7001D8EEE /* Resources */ = {
			isa = PBXResourcesBuildPhase;
			buildActionMask = 2147483647;
			files = (
				ABBFE0851DF7B807000D7124 /* navi_add_white@2x.png in Resources */,
				ABBFE0841DF7B807000D7124 /* navi_add_gray@2x.png in Resources */,
				AB56454C1DF810C300436382 /* tanhuang.mp3 in Resources */,
				ABC71FB81EC97C2300C780F9 /* SP_MainStoryboard.storyboard in Resources */,
				AB96F0EA1DA88EB7001D8EEE /* LaunchScreen.storyboard in Resources */,
				ABBFE08A1DF7B807000D7124 /* navi_share_gray@2x.png in Resources */,
				ABC71FB71EC97C2300C780F9 /* SP_iPadStoryboard.storyboard in Resources */,
				ABDFC9131EC9E8BF002110AB /* SP_RxDemo.storyboard in Resources */,
				ABBF72CB1EC565FC00C590E5 /* SP_NavigationView.xib in Resources */,
				ABBFE0891DF7B807000D7124 /* navi_search_gray@2x.png in Resources */,
				ABBFE0661DF7B807000D7124 /* SP_AdsColleCell.xib in Resources */,
				ABBFE0861DF7B807000D7124 /* navi_back_gray@2x.png in Resources */,
				ABBFE0A01DF80872000D7124 /* SP_TabMenuView.xib in Resources */,
				ABC71FB51EC97C2300C780F9 /* SP_Navigation_TabBar.storyboard in Resources */,
				ABBFE0871DF7B807000D7124 /* navi_back_white@2x.png in Resources */,
				AB96F0E71DA88EB7001D8EEE /* Assets.xcassets in Resources */,
				ABBFE0881DF7B807000D7124 /* navi_scanCode_white@2x.png in Resources */,
				ABDFC9101EC99E53002110AB /* Main.storyboard in Resources */,
				AB3A29D91ED03A1E00871B52 /* MJRefresh.bundle in Resources */,
				ABBFE02E1DF7AE40000D7124 /* placeholderImage.png in Resources */,
			);
			runOnlyForDeploymentPostprocessing = 0;
		};
		AB96F0EE1DA88EB8001D8EEE /* Resources */ = {
			isa = PBXResourcesBuildPhase;
			buildActionMask = 2147483647;
			files = (
			);
			runOnlyForDeploymentPostprocessing = 0;
		};
		AB96F0F91DA88EB8001D8EEE /* Resources */ = {
			isa = PBXResourcesBuildPhase;
			buildActionMask = 2147483647;
			files = (
			);
			runOnlyForDeploymentPostprocessing = 0;
		};
/* End PBXResourcesBuildPhase section */

/* Begin PBXShellScriptBuildPhase section */
		2E23880DC9CB01F23BD4AB4D /* [CP] Embed Pods Frameworks */ = {
			isa = PBXShellScriptBuildPhase;
			buildActionMask = 2147483647;
			files = (
			);
			inputPaths = (
			);
			name = "[CP] Embed Pods Frameworks";
			outputPaths = (
			);
			runOnlyForDeploymentPostprocessing = 0;
			shellPath = /bin/sh;
			shellScript = "\"${SRCROOT}/Pods/Target Support Files/Pods-SuperApp/Pods-SuperApp-frameworks.sh\"\n";
			showEnvVarsInLog = 0;
		};
		4B12CD45CBA78154125CDB76 /* [CP] Check Pods Manifest.lock */ = {
			isa = PBXShellScriptBuildPhase;
			buildActionMask = 2147483647;
			files = (
			);
			inputPaths = (
			);
			name = "[CP] Check Pods Manifest.lock";
			outputPaths = (
			);
			runOnlyForDeploymentPostprocessing = 0;
			shellPath = /bin/sh;
			shellScript = "diff \"${PODS_ROOT}/../Podfile.lock\" \"${PODS_ROOT}/Manifest.lock\" > /dev/null\nif [[ $? != 0 ]] ; then\n    cat << EOM\nerror: The sandbox is not in sync with the Podfile.lock. Run 'pod install' or update your CocoaPods installation.\nEOM\n    exit 1\nfi\n";
			showEnvVarsInLog = 0;
		};
		689731BCA3C37C47D0C46E06 /* [CP] Copy Pods Resources */ = {
			isa = PBXShellScriptBuildPhase;
			buildActionMask = 2147483647;
			files = (
			);
			inputPaths = (
			);
			name = "[CP] Copy Pods Resources";
			outputPaths = (
			);
			runOnlyForDeploymentPostprocessing = 0;
			shellPath = /bin/sh;
			shellScript = "\"${SRCROOT}/Pods/Target Support Files/Pods-SuperApp/Pods-SuperApp-resources.sh\"\n";
			showEnvVarsInLog = 0;
		};
/* End PBXShellScriptBuildPhase section */

/* Begin PBXSourcesBuildPhase section */
		AB96F0D81DA88EB7001D8EEE /* Sources */ = {
			isa = PBXSourcesBuildPhase;
			buildActionMask = 2147483647;
			files = (
				ABBFE07A1DF7B807000D7124 /* UIViewController+Extension.swift in Sources */,
				AB3A29D81ED03A1E00871B52 /* MJRefreshStateHeader.m in Sources */,
				AB3A29D01ED03A1E00871B52 /* MJRefreshAutoGifFooter.m in Sources */,
				AB3A29CE1ED03A1E00871B52 /* MJRefreshFooter.m in Sources */,
				ABBFE0831DF7B807000D7124 /* Reachability.swift in Sources */,
				AB3A29F71ED31DC900871B52 /* SP_Rx_SigninVCCell.swift in Sources */,
				AB3A29CC1ED03A1E00871B52 /* MJRefreshBackFooter.m in Sources */,
				ABBFE0701DF7B807000D7124 /* NSDate_extension.swift in Sources */,
				ABBF72C91EC565F500C590E5 /* SP_NavigationView.swift in Sources */,
				AB3A29DD1ED03A1E00871B52 /* UIScrollView+MJRefresh.m in Sources */,
				AB3A29DE1ED03A1E00871B52 /* UIView+MJExtension.m in Sources */,
				ABBFE07D1DF7B807000D7124 /* SP_LocationManager.swift in Sources */,
				AB8B4C9C1EC5427D0063AFBB /* SP_ParentVC.swift in Sources */,
				ABBFE0761DF7B807000D7124 /* UILabel_extension.swift in Sources */,
				AB3A29D51ED03A1E00871B52 /* MJRefreshBackStateFooter.m in Sources */,
				ABBFE07C1DF7B807000D7124 /* CLLocation+YCLocation.m in Sources */,
				AB0EB4CC1DFE808900987BC8 /* TabBar_Extension.swift in Sources */,
				AB8B4CB21EC551330063AFBB /* NT_ViewController12.swift in Sources */,
				ABBFE07E1DF7B807000D7124 /* SP_MJDIYAutoFooter.swift in Sources */,
				ABBFE0711DF7B807000D7124 /* NSTimer_extension.swift in Sources */,
				AB3A29D41ED03A1E00871B52 /* MJRefreshBackNormalFooter.m in Sources */,
				AB63A1C41DA88F7D00BC7C64 /* SP_Macros.swift in Sources */,
				AB3A29D31ED03A1E00871B52 /* MJRefreshBackGifFooter.m in Sources */,
				ABFAA18A1EC5DBAF00EEA338 /* SP_AFNetWorkingSwift.swift in Sources */,
				ABBFE06F1DF7B807000D7124 /* LCDToolClass.m in Sources */,
				ABBFE0981DF7B84A000D7124 /* SP_Datas.swift in Sources */,
				ABBFE06C1DF7B807000D7124 /* CGSize_extension.swift in Sources */,
				ABC71FBA1EC992B900C780F9 /* NT_ViewController13.swift in Sources */,
				ABBFE0301DF7AE40000D7124 /* SP_GridView_Extension.swift in Sources */,
				ABBFE0691DF7B807000D7124 /* SP_AdsView.swift in Sources */,
				ABBFE0771DF7B807000D7124 /* UIText_extension.swift in Sources */,
				ABBFE06D1DF7B807000D7124 /* LCD_Tool.swift in Sources */,
				ABBFE0651DF7B807000D7124 /* SP_AdsColleCell.swift in Sources */,
				AB3A29DC1ED03A1E00871B52 /* UIScrollView+MJExtension.m in Sources */,
				AB0774031DFFCA7D00D782BF /* SP_DrawerVC.swift in Sources */,
				ABBFE08C1DF7B807000D7124 /* SP_TabBarController.swift in Sources */,
				ABBFE07B1DF7B807000D7124 /* SP_GuideVC.swift in Sources */,
				AB63A1C71DA890AD00BC7C64 /* AppDelegate+Extension.swift in Sources */,
				ABFAA18B1EC5DBAF00EEA338 /* SP_NetWorkingType.swift in Sources */,
				ABBFE0681DF7B807000D7124 /* SP_AdsCollectionViewModel.swift in Sources */,
				ABBFE0991DF7B84A000D7124 /* SP_MainVC.swift in Sources */,
				ABBFE0781DF7B807000D7124 /* UITextField_LCD.swift in Sources */,
				AB3A29E01ED0892E00871B52 /* NT_ViewController14.swift in Sources */,
				AB3A29CD1ED03A1E00871B52 /* MJRefreshComponent.m in Sources */,
				AB3A29DB1ED03A1E00871B52 /* NSBundle+MJRefresh.m in Sources */,
				AB3A29D11ED03A1E00871B52 /* MJRefreshAutoNormalFooter.m in Sources */,
				ABDFC91B1EC9F30E002110AB /* SP_Rx_DemoVC.swift in Sources */,
				AB96F0E01DA88EB7001D8EEE /* AppDelegate.swift in Sources */,
				ABBFE0671DF7B807000D7124 /* SP_AdsCollectionView.swift in Sources */,
				ABBFE07F1DF7B807000D7124 /* SP_MJDIYBackFooter.swift in Sources */,
				AB8B4CB01EC5510F0063AFBB /* NT_ViewController11.swift in Sources */,
				ABDFC9171EC9F0FD002110AB /* SP_Rx_TableView.swift in Sources */,
				ABBFE06A1DF7B807000D7124 /* Bool_extension.swift in Sources */,
				ABBFE0961DF7B84A000D7124 /* SP_AdsVC.swift in Sources */,
				AB8B4CAE1EC550FF0063AFBB /* NT_ViewController1.swift in Sources */,
				ABBFE0811DF7B807000D7124 /* SP_MJRefresh.swift in Sources */,
				ABBFE0801DF7B807000D7124 /* SP_MJDIYHeader.swift in Sources */,
				AB8B4CAB1EC54F520063AFBB /* SPNT_TabBarController.swift in Sources */,
				ABBFE0731DF7B807000D7124 /* UIButton_extension.swift in Sources */,
				AB3A29CB1ED03A1E00871B52 /* MJRefreshAutoFooter.m in Sources */,
				ABBFE0791DF7B807000D7124 /* UIView_extension.swift in Sources */,
				AB342C771EC89D4C006C1A2D /* UINavigationController+FDFullscreenPopGesture.m in Sources */,
				AB3A29F51ED2B2EC00871B52 /* SP_Rx_SigninVC.swift in Sources */,
				AB3A29D21ED03A1E00871B52 /* MJRefreshAutoStateFooter.m in Sources */,
				ABBFE09F1DF80872000D7124 /* SP_TabMenuView.swift in Sources */,
				AB3A29D71ED03A1E00871B52 /* MJRefreshNormalHeader.m in Sources */,
				ABBFE02F1DF7AE40000D7124 /* SP_GridView.swift in Sources */,
				AB8B4CA91EC54F080063AFBB /* SPNT_NavigationController.swift in Sources */,
				ABBFE06E1DF7B807000D7124 /* LCDSingleton.swift in Sources */,
				AB3A29E21ED1730900871B52 /* SP_UITableView.swift in Sources */,
				AB3A29D61ED03A1E00871B52 /* MJRefreshGifHeader.m in Sources */,
				ABBF72D11EC59F2000C590E5 /* Navigation_Extension.swift in Sources */,
				ABBFE0721DF7B807000D7124 /* String_extension.swift in Sources */,
				AB0773FE1DFFCA3900D782BF /* SP_RxSwiftTableView.swift in Sources */,
				AB0774051DFFCA7D00D782BF /* SP_VipVC.swift in Sources */,
				ABBFE0751DF7B807000D7124 /* UIFont_extension.swift in Sources */,
				ABFAA18C1EC5DBAF00EEA338 /* SP_UploadParam.swift in Sources */,
				AB3A29CF1ED03A1E00871B52 /* MJRefreshHeader.m in Sources */,
				AB0774041DFFCA7D00D782BF /* SP_ParentVC_Drawer.swift in Sources */,
				ABBFE06B1DF7B807000D7124 /* Cell_extension.swift in Sources */,
				ABBFE0741DF7B807000D7124 /* UIColor_extension.swift in Sources */,
				ABBFE0821DF7B807000D7124 /* SP_MJRefreshDatas.swift in Sources */,
				AB3A29DA1ED03A1E00871B52 /* MJRefreshConst.m in Sources */,
			);
			runOnlyForDeploymentPostprocessing = 0;
		};
		AB96F0EC1DA88EB8001D8EEE /* Sources */ = {
			isa = PBXSourcesBuildPhase;
			buildActionMask = 2147483647;
			files = (
				AB96F0F51DA88EB8001D8EEE /* SuperAppTests.swift in Sources */,
			);
			runOnlyForDeploymentPostprocessing = 0;
		};
		AB96F0F71DA88EB8001D8EEE /* Sources */ = {
			isa = PBXSourcesBuildPhase;
			buildActionMask = 2147483647;
			files = (
				AB96F1001DA88EB8001D8EEE /* SuperAppUITests.swift in Sources */,
			);
			runOnlyForDeploymentPostprocessing = 0;
		};
/* End PBXSourcesBuildPhase section */

/* Begin PBXTargetDependency section */
		AB96F0F21DA88EB8001D8EEE /* PBXTargetDependency */ = {
			isa = PBXTargetDependency;
			target = AB96F0DB1DA88EB7001D8EEE /* SuperApp */;
			targetProxy = AB96F0F11DA88EB8001D8EEE /* PBXContainerItemProxy */;
		};
		AB96F0FD1DA88EB8001D8EEE /* PBXTargetDependency */ = {
			isa = PBXTargetDependency;
			target = AB96F0DB1DA88EB7001D8EEE /* SuperApp */;
			targetProxy = AB96F0FC1DA88EB8001D8EEE /* PBXContainerItemProxy */;
		};
/* End PBXTargetDependency section */

/* Begin PBXVariantGroup section */
		AB96F0E81DA88EB7001D8EEE /* LaunchScreen.storyboard */ = {
			isa = PBXVariantGroup;
			children = (
				AB96F0E91DA88EB7001D8EEE /* Base */,
			);
			name = LaunchScreen.storyboard;
			sourceTree = "<group>";
		};
/* End PBXVariantGroup section */

/* Begin XCBuildConfiguration section */
		AB96F1021DA88EB8001D8EEE /* Debug */ = {
			isa = XCBuildConfiguration;
			buildSettings = {
				ALWAYS_SEARCH_USER_PATHS = NO;
				CLANG_ANALYZER_NONNULL = YES;
				CLANG_CXX_LANGUAGE_STANDARD = "gnu++0x";
				CLANG_CXX_LIBRARY = "libc++";
				CLANG_ENABLE_MODULES = YES;
				CLANG_ENABLE_OBJC_ARC = YES;
				CLANG_WARN_BOOL_CONVERSION = YES;
				CLANG_WARN_CONSTANT_CONVERSION = YES;
				CLANG_WARN_DIRECT_OBJC_ISA_USAGE = YES_ERROR;
				CLANG_WARN_DOCUMENTATION_COMMENTS = YES;
				CLANG_WARN_EMPTY_BODY = YES;
				CLANG_WARN_ENUM_CONVERSION = YES;
				CLANG_WARN_INFINITE_RECURSION = YES;
				CLANG_WARN_INT_CONVERSION = YES;
				CLANG_WARN_OBJC_ROOT_CLASS = YES_ERROR;
				CLANG_WARN_SUSPICIOUS_MOVE = YES;
				CLANG_WARN_SUSPICIOUS_MOVES = YES;
				CLANG_WARN_UNREACHABLE_CODE = YES;
				CLANG_WARN__DUPLICATE_METHOD_MATCH = YES;
				"CODE_SIGN_IDENTITY[sdk=iphoneos*]" = "iPhone Developer";
				COPY_PHASE_STRIP = NO;
				DEBUG_INFORMATION_FORMAT = dwarf;
				ENABLE_STRICT_OBJC_MSGSEND = YES;
				ENABLE_TESTABILITY = YES;
				GCC_C_LANGUAGE_STANDARD = gnu99;
				GCC_DYNAMIC_NO_PIC = NO;
				GCC_NO_COMMON_BLOCKS = YES;
				GCC_OPTIMIZATION_LEVEL = 0;
				GCC_PREPROCESSOR_DEFINITIONS = (
					"DEBUG=1",
					"$(inherited)",
				);
				GCC_WARN_64_TO_32_BIT_CONVERSION = YES;
				GCC_WARN_ABOUT_RETURN_TYPE = YES_ERROR;
				GCC_WARN_UNDECLARED_SELECTOR = YES;
				GCC_WARN_UNINITIALIZED_AUTOS = YES_AGGRESSIVE;
				GCC_WARN_UNUSED_FUNCTION = YES;
				GCC_WARN_UNUSED_VARIABLE = YES;
				IPHONEOS_DEPLOYMENT_TARGET = 10.0;
				MTL_ENABLE_DEBUG_INFO = YES;
				ONLY_ACTIVE_ARCH = YES;
				SDKROOT = iphoneos;
				SWIFT_ACTIVE_COMPILATION_CONDITIONS = DEBUG;
				SWIFT_OPTIMIZATION_LEVEL = "-Onone";
				TARGETED_DEVICE_FAMILY = "1,2";
			};
			name = Debug;
		};
		AB96F1031DA88EB8001D8EEE /* Release */ = {
			isa = XCBuildConfiguration;
			buildSettings = {
				ALWAYS_SEARCH_USER_PATHS = NO;
				CLANG_ANALYZER_NONNULL = YES;
				CLANG_CXX_LANGUAGE_STANDARD = "gnu++0x";
				CLANG_CXX_LIBRARY = "libc++";
				CLANG_ENABLE_MODULES = YES;
				CLANG_ENABLE_OBJC_ARC = YES;
				CLANG_WARN_BOOL_CONVERSION = YES;
				CLANG_WARN_CONSTANT_CONVERSION = YES;
				CLANG_WARN_DIRECT_OBJC_ISA_USAGE = YES_ERROR;
				CLANG_WARN_DOCUMENTATION_COMMENTS = YES;
				CLANG_WARN_EMPTY_BODY = YES;
				CLANG_WARN_ENUM_CONVERSION = YES;
				CLANG_WARN_INFINITE_RECURSION = YES;
				CLANG_WARN_INT_CONVERSION = YES;
				CLANG_WARN_OBJC_ROOT_CLASS = YES_ERROR;
				CLANG_WARN_SUSPICIOUS_MOVE = YES;
				CLANG_WARN_SUSPICIOUS_MOVES = YES;
				CLANG_WARN_UNREACHABLE_CODE = YES;
				CLANG_WARN__DUPLICATE_METHOD_MATCH = YES;
				"CODE_SIGN_IDENTITY[sdk=iphoneos*]" = "iPhone Developer";
				COPY_PHASE_STRIP = NO;
				DEBUG_INFORMATION_FORMAT = "dwarf-with-dsym";
				ENABLE_NS_ASSERTIONS = NO;
				ENABLE_STRICT_OBJC_MSGSEND = YES;
				GCC_C_LANGUAGE_STANDARD = gnu99;
				GCC_NO_COMMON_BLOCKS = YES;
				GCC_WARN_64_TO_32_BIT_CONVERSION = YES;
				GCC_WARN_ABOUT_RETURN_TYPE = YES_ERROR;
				GCC_WARN_UNDECLARED_SELECTOR = YES;
				GCC_WARN_UNINITIALIZED_AUTOS = YES_AGGRESSIVE;
				GCC_WARN_UNUSED_FUNCTION = YES;
				GCC_WARN_UNUSED_VARIABLE = YES;
				IPHONEOS_DEPLOYMENT_TARGET = 10.0;
				MTL_ENABLE_DEBUG_INFO = NO;
				SDKROOT = iphoneos;
				SWIFT_OPTIMIZATION_LEVEL = "-Owholemodule";
				TARGETED_DEVICE_FAMILY = "1,2";
				VALIDATE_PRODUCT = YES;
			};
			name = Release;
		};
		AB96F1051DA88EB8001D8EEE /* Debug */ = {
			isa = XCBuildConfiguration;
			baseConfigurationReference = 3C4D19442E60C99A3B33A856 /* Pods-SuperApp.debug.xcconfig */;
			buildSettings = {
				ALWAYS_EMBED_SWIFT_STANDARD_LIBRARIES = YES;
				ASSETCATALOG_COMPILER_APPICON_NAME = AppIcon;
				CLANG_ENABLE_MODULES = YES;
				DEVELOPMENT_TEAM = 2WE47H27GG;
				FRAMEWORK_SEARCH_PATHS = (
					"$(inherited)",
					"$(PROJECT_DIR)/SuperApp/Third_SDK",
				);
				INFOPLIST_FILE = SuperApp/Info.plist;
				IPHONEOS_DEPLOYMENT_TARGET = 9.0;
				LD_RUNPATH_SEARCH_PATHS = "$(inherited) @executable_path/Frameworks";
				LIBRARY_SEARCH_PATHS = (
					"$(inherited)",
					"$(PROJECT_DIR)/SuperApp/Third_SDK/JPush",
					"$(PROJECT_DIR)/SuperApp/OtherSDK/JPush",
				);
				PRODUCT_BUNDLE_IDENTIFIER = com.friendsHome.SuperApp;
				PRODUCT_NAME = "$(TARGET_NAME)";
				SWIFT_OBJC_BRIDGING_HEADER = "SuperApp/SuperApp-Bridging-Header.h";
				SWIFT_OPTIMIZATION_LEVEL = "-Onone";
				SWIFT_VERSION = 3.0;
				TARGETED_DEVICE_FAMILY = 1;
			};
			name = Debug;
		};
		AB96F1061DA88EB8001D8EEE /* Release */ = {
			isa = XCBuildConfiguration;
			baseConfigurationReference = C14D4E1C04C55FDDB28846B2 /* Pods-SuperApp.release.xcconfig */;
			buildSettings = {
				ALWAYS_EMBED_SWIFT_STANDARD_LIBRARIES = YES;
				ASSETCATALOG_COMPILER_APPICON_NAME = AppIcon;
				CLANG_ENABLE_MODULES = YES;
				DEVELOPMENT_TEAM = 2WE47H27GG;
				FRAMEWORK_SEARCH_PATHS = (
					"$(inherited)",
					"$(PROJECT_DIR)/SuperApp/Third_SDK",
				);
				INFOPLIST_FILE = SuperApp/Info.plist;
				IPHONEOS_DEPLOYMENT_TARGET = 9.0;
				LD_RUNPATH_SEARCH_PATHS = "$(inherited) @executable_path/Frameworks";
				LIBRARY_SEARCH_PATHS = (
					"$(inherited)",
					"$(PROJECT_DIR)/SuperApp/Third_SDK/JPush",
					"$(PROJECT_DIR)/SuperApp/OtherSDK/JPush",
				);
				PRODUCT_BUNDLE_IDENTIFIER = com.friendsHome.SuperApp;
				PRODUCT_NAME = "$(TARGET_NAME)";
				SWIFT_OBJC_BRIDGING_HEADER = "SuperApp/SuperApp-Bridging-Header.h";
				SWIFT_VERSION = 3.0;
				TARGETED_DEVICE_FAMILY = 1;
			};
			name = Release;
		};
		AB96F1081DA88EB8001D8EEE /* Debug */ = {
			isa = XCBuildConfiguration;
			buildSettings = {
				ALWAYS_EMBED_SWIFT_STANDARD_LIBRARIES = YES;
				BUNDLE_LOADER = "$(TEST_HOST)";
				INFOPLIST_FILE = SuperAppTests/Info.plist;
				LD_RUNPATH_SEARCH_PATHS = "$(inherited) @executable_path/Frameworks @loader_path/Frameworks";
				PRODUCT_BUNDLE_IDENTIFIER = com.friendsHome.SuperAppTests;
				PRODUCT_NAME = "$(TARGET_NAME)";
				SWIFT_VERSION = 3.0;
				TEST_HOST = "$(BUILT_PRODUCTS_DIR)/SuperApp.app/SuperApp";
			};
			name = Debug;
		};
		AB96F1091DA88EB8001D8EEE /* Release */ = {
			isa = XCBuildConfiguration;
			buildSettings = {
				ALWAYS_EMBED_SWIFT_STANDARD_LIBRARIES = YES;
				BUNDLE_LOADER = "$(TEST_HOST)";
				INFOPLIST_FILE = SuperAppTests/Info.plist;
				LD_RUNPATH_SEARCH_PATHS = "$(inherited) @executable_path/Frameworks @loader_path/Frameworks";
				PRODUCT_BUNDLE_IDENTIFIER = com.friendsHome.SuperAppTests;
				PRODUCT_NAME = "$(TARGET_NAME)";
				SWIFT_VERSION = 3.0;
				TEST_HOST = "$(BUILT_PRODUCTS_DIR)/SuperApp.app/SuperApp";
			};
			name = Release;
		};
		AB96F10B1DA88EB8001D8EEE /* Debug */ = {
			isa = XCBuildConfiguration;
			buildSettings = {
				ALWAYS_EMBED_SWIFT_STANDARD_LIBRARIES = YES;
				INFOPLIST_FILE = SuperAppUITests/Info.plist;
				LD_RUNPATH_SEARCH_PATHS = "$(inherited) @executable_path/Frameworks @loader_path/Frameworks";
				PRODUCT_BUNDLE_IDENTIFIER = com.friendsHome.SuperAppUITests;
				PRODUCT_NAME = "$(TARGET_NAME)";
				SWIFT_VERSION = 3.0;
				TEST_TARGET_NAME = SuperApp;
			};
			name = Debug;
		};
		AB96F10C1DA88EB8001D8EEE /* Release */ = {
			isa = XCBuildConfiguration;
			buildSettings = {
				ALWAYS_EMBED_SWIFT_STANDARD_LIBRARIES = YES;
				INFOPLIST_FILE = SuperAppUITests/Info.plist;
				LD_RUNPATH_SEARCH_PATHS = "$(inherited) @executable_path/Frameworks @loader_path/Frameworks";
				PRODUCT_BUNDLE_IDENTIFIER = com.friendsHome.SuperAppUITests;
				PRODUCT_NAME = "$(TARGET_NAME)";
				SWIFT_VERSION = 3.0;
				TEST_TARGET_NAME = SuperApp;
			};
			name = Release;
		};
/* End XCBuildConfiguration section */

/* Begin XCConfigurationList section */
		AB96F0D71DA88EB7001D8EEE /* Build configuration list for PBXProject "SuperApp" */ = {
			isa = XCConfigurationList;
			buildConfigurations = (
				AB96F1021DA88EB8001D8EEE /* Debug */,
				AB96F1031DA88EB8001D8EEE /* Release */,
			);
			defaultConfigurationIsVisible = 0;
			defaultConfigurationName = Release;
		};
		AB96F1041DA88EB8001D8EEE /* Build configuration list for PBXNativeTarget "SuperApp" */ = {
			isa = XCConfigurationList;
			buildConfigurations = (
				AB96F1051DA88EB8001D8EEE /* Debug */,
				AB96F1061DA88EB8001D8EEE /* Release */,
			);
			defaultConfigurationIsVisible = 0;
			defaultConfigurationName = Release;
		};
		AB96F1071DA88EB8001D8EEE /* Build configuration list for PBXNativeTarget "SuperAppTests" */ = {
			isa = XCConfigurationList;
			buildConfigurations = (
				AB96F1081DA88EB8001D8EEE /* Debug */,
				AB96F1091DA88EB8001D8EEE /* Release */,
			);
			defaultConfigurationIsVisible = 0;
			defaultConfigurationName = Release;
		};
		AB96F10A1DA88EB8001D8EEE /* Build configuration list for PBXNativeTarget "SuperAppUITests" */ = {
			isa = XCConfigurationList;
			buildConfigurations = (
				AB96F10B1DA88EB8001D8EEE /* Debug */,
				AB96F10C1DA88EB8001D8EEE /* Release */,
			);
			defaultConfigurationIsVisible = 0;
			defaultConfigurationName = Release;
		};
/* End XCConfigurationList section */
	};
	rootObject = AB96F0D41DA88EB7001D8EEE /* Project object */;
}
